// !$*UTF8*$!
{
	archiveVersion = 1;
	classes = {
	};
	objectVersion = 51;
	objects = {

/* Begin PBXBuildFile section */
		36174C7D26382F0C00E8A0CD /* SettingViewController.swift in Sources */ = {isa = PBXBuildFile; fileRef = 36174C7C26382F0C00E8A0CD /* SettingViewController.swift */; };
		3628EE4C263EB59F0042A9B5 /* dummy.swift in Sources */ = {isa = PBXBuildFile; fileRef = 3628EE4B263EB59F0042A9B5 /* dummy.swift */; };
		36340BF0263FC5AA0089BC15 /* CallendarViewController.swift in Sources */ = {isa = PBXBuildFile; fileRef = 36340BEF263FC5AA0089BC15 /* CallendarViewController.swift */; };
		363ED88A263FE716005475A1 /* FSCalendar.framework in Frameworks */ = {isa = PBXBuildFile; fileRef = 363ED889263FE716005475A1 /* FSCalendar.framework */; };
		36419D9C2636E4630067C89D /* AppDelegate.swift in Sources */ = {isa = PBXBuildFile; fileRef = 36419D9B2636E4630067C89D /* AppDelegate.swift */; };
		36419D9E2636E4630067C89D /* SceneDelegate.swift in Sources */ = {isa = PBXBuildFile; fileRef = 36419D9D2636E4630067C89D /* SceneDelegate.swift */; };
		36419DA02636E4630067C89D /* ViewController.swift in Sources */ = {isa = PBXBuildFile; fileRef = 36419D9F2636E4630067C89D /* ViewController.swift */; };
		36419DA32636E4630067C89D /* Main.storyboard in Resources */ = {isa = PBXBuildFile; fileRef = 36419DA12636E4630067C89D /* Main.storyboard */; };
		36419DA52636E4630067C89D /* Assets.xcassets in Resources */ = {isa = PBXBuildFile; fileRef = 36419DA42636E4630067C89D /* Assets.xcassets */; };
		36419DA82636E4630067C89D /* LaunchScreen.storyboard in Resources */ = {isa = PBXBuildFile; fileRef = 36419DA62636E4630067C89D /* LaunchScreen.storyboard */; };
		36419DB32636E4630067C89D /* AwesomeTests.swift in Sources */ = {isa = PBXBuildFile; fileRef = 36419DB22636E4630067C89D /* AwesomeTests.swift */; };
		36419DBE2636E4630067C89D /* AwesomeUITests.swift in Sources */ = {isa = PBXBuildFile; fileRef = 36419DBD2636E4630067C89D /* AwesomeUITests.swift */; };
		36419DED2636ECBC0067C89D /* LoginViewController.swift in Sources */ = {isa = PBXBuildFile; fileRef = 36419DEC2636ECBC0067C89D /* LoginViewController.swift */; };
		3647FB4E263864300079ECB4 /* NotoSans-ExtraCondensedMediumItalic.ttf in Resources */ = {isa = PBXBuildFile; fileRef = 3647FB062638642F0079ECB4 /* NotoSans-ExtraCondensedMediumItalic.ttf */; };
		3647FB4F263864300079ECB4 /* NotoSans-Thin.ttf in Resources */ = {isa = PBXBuildFile; fileRef = 3647FB072638642F0079ECB4 /* NotoSans-Thin.ttf */; };
		3647FB50263864300079ECB4 /* NotoSans-CondensedBoldItalic.ttf in Resources */ = {isa = PBXBuildFile; fileRef = 3647FB082638642F0079ECB4 /* NotoSans-CondensedBoldItalic.ttf */; };
		3647FB51263864300079ECB4 /* NotoSans-Medium.ttf in Resources */ = {isa = PBXBuildFile; fileRef = 3647FB092638642F0079ECB4 /* NotoSans-Medium.ttf */; };
		3647FB52263864300079ECB4 /* NotoSans-CondensedExtraBoldItalic.ttf in Resources */ = {isa = PBXBuildFile; fileRef = 3647FB0A2638642F0079ECB4 /* NotoSans-CondensedExtraBoldItalic.ttf */; };
		3647FB53263864300079ECB4 /* NotoSans-SemiCondensedSemiBold.ttf in Resources */ = {isa = PBXBuildFile; fileRef = 3647FB0B2638642F0079ECB4 /* NotoSans-SemiCondensedSemiBold.ttf */; };
		3647FB54263864300079ECB4 /* NotoSans-Black.ttf in Resources */ = {isa = PBXBuildFile; fileRef = 3647FB0C2638642F0079ECB4 /* NotoSans-Black.ttf */; };
		3647FB55263864300079ECB4 /* NotoSans-CondensedSemiBoldItalic.ttf in Resources */ = {isa = PBXBuildFile; fileRef = 3647FB0D2638642F0079ECB4 /* NotoSans-CondensedSemiBoldItalic.ttf */; };
		3647FB56263864300079ECB4 /* NotoSans-CondensedBlackItalic.ttf in Resources */ = {isa = PBXBuildFile; fileRef = 3647FB0E2638642F0079ECB4 /* NotoSans-CondensedBlackItalic.ttf */; };
		3647FB57263864300079ECB4 /* NotoSans-CondensedExtraLightItalic.ttf in Resources */ = {isa = PBXBuildFile; fileRef = 3647FB0F2638642F0079ECB4 /* NotoSans-CondensedExtraLightItalic.ttf */; };
		3647FB58263864300079ECB4 /* NotoSans-ExtraCondensedLightItalic.ttf in Resources */ = {isa = PBXBuildFile; fileRef = 3647FB102638642F0079ECB4 /* NotoSans-ExtraCondensedLightItalic.ttf */; };
		3647FB59263864300079ECB4 /* NotoSans-ThinItalic.ttf in Resources */ = {isa = PBXBuildFile; fileRef = 3647FB112638642F0079ECB4 /* NotoSans-ThinItalic.ttf */; };
		3647FB5A263864300079ECB4 /* NotoSans-SemiCondensedBlack.ttf in Resources */ = {isa = PBXBuildFile; fileRef = 3647FB122638642F0079ECB4 /* NotoSans-SemiCondensedBlack.ttf */; };
		3647FB5B263864300079ECB4 /* NotoSans-SemiCondensedExtraLight.ttf in Resources */ = {isa = PBXBuildFile; fileRef = 3647FB132638642F0079ECB4 /* NotoSans-SemiCondensedExtraLight.ttf */; };
		3647FB5C263864300079ECB4 /* NotoSans-SemiCondensed.ttf in Resources */ = {isa = PBXBuildFile; fileRef = 3647FB142638642F0079ECB4 /* NotoSans-SemiCondensed.ttf */; };
		3647FB5D263864300079ECB4 /* NotoSans-ExtraCondensedBoldItalic.ttf in Resources */ = {isa = PBXBuildFile; fileRef = 3647FB152638642F0079ECB4 /* NotoSans-ExtraCondensedBoldItalic.ttf */; };
		3647FB5E263864300079ECB4 /* NotoSans-CondensedBlack.ttf in Resources */ = {isa = PBXBuildFile; fileRef = 3647FB162638642F0079ECB4 /* NotoSans-CondensedBlack.ttf */; };
		3647FB5F263864300079ECB4 /* NotoSans-CondensedSemiBold.ttf in Resources */ = {isa = PBXBuildFile; fileRef = 3647FB172638642F0079ECB4 /* NotoSans-CondensedSemiBold.ttf */; };
		3647FB60263864300079ECB4 /* NotoSans-SemiCondensedMedium.ttf in Resources */ = {isa = PBXBuildFile; fileRef = 3647FB182638642F0079ECB4 /* NotoSans-SemiCondensedMedium.ttf */; };
		3647FB61263864300079ECB4 /* NotoSans-SemiCondensedThinItalic.ttf in Resources */ = {isa = PBXBuildFile; fileRef = 3647FB192638642F0079ECB4 /* NotoSans-SemiCondensedThinItalic.ttf */; };
		3647FB62263864300079ECB4 /* NotoSans-ExtraCondensedExtraBoldItalic.ttf in Resources */ = {isa = PBXBuildFile; fileRef = 3647FB1A2638642F0079ECB4 /* NotoSans-ExtraCondensedExtraBoldItalic.ttf */; };
		3647FB63263864300079ECB4 /* NotoSans-ExtraCondensedExtraLightItalic.ttf in Resources */ = {isa = PBXBuildFile; fileRef = 3647FB1B2638642F0079ECB4 /* NotoSans-ExtraCondensedExtraLightItalic.ttf */; };
		3647FB64263864300079ECB4 /* NotoSans-ExtraCondensedExtraLight.ttf in Resources */ = {isa = PBXBuildFile; fileRef = 3647FB1C2638642F0079ECB4 /* NotoSans-ExtraCondensedExtraLight.ttf */; };
		3647FB65263864300079ECB4 /* NotoSans-ExtraCondensedBlack.ttf in Resources */ = {isa = PBXBuildFile; fileRef = 3647FB1D2638642F0079ECB4 /* NotoSans-ExtraCondensedBlack.ttf */; };
		3647FB66263864300079ECB4 /* NotoSans-Bold.ttf in Resources */ = {isa = PBXBuildFile; fileRef = 3647FB1E2638642F0079ECB4 /* NotoSans-Bold.ttf */; };
		3647FB67263864300079ECB4 /* NotoSans-SemiCondensedItalic.ttf in Resources */ = {isa = PBXBuildFile; fileRef = 3647FB1F2638642F0079ECB4 /* NotoSans-SemiCondensedItalic.ttf */; };
		3647FB68263864300079ECB4 /* NotoSans-ExtraCondensedBlackItalic.ttf in Resources */ = {isa = PBXBuildFile; fileRef = 3647FB202638642F0079ECB4 /* NotoSans-ExtraCondensedBlackItalic.ttf */; };
		3647FB69263864300079ECB4 /* NotoSans-SemiCondensedBold.ttf in Resources */ = {isa = PBXBuildFile; fileRef = 3647FB212638642F0079ECB4 /* NotoSans-SemiCondensedBold.ttf */; };
		3647FB6A263864300079ECB4 /* NotoSans-ExtraCondensedExtraBold.ttf in Resources */ = {isa = PBXBuildFile; fileRef = 3647FB222638642F0079ECB4 /* NotoSans-ExtraCondensedExtraBold.ttf */; };
		3647FB6B263864300079ECB4 /* NotoSans-SemiCondensedLightItalic.ttf in Resources */ = {isa = PBXBuildFile; fileRef = 3647FB232638642F0079ECB4 /* NotoSans-SemiCondensedLightItalic.ttf */; };
		3647FB6C263864300079ECB4 /* NotoSans-CondensedLightItalic.ttf in Resources */ = {isa = PBXBuildFile; fileRef = 3647FB242638642F0079ECB4 /* NotoSans-CondensedLightItalic.ttf */; };
		3647FB6D263864300079ECB4 /* NotoSans-SemiCondensedThin.ttf in Resources */ = {isa = PBXBuildFile; fileRef = 3647FB252638642F0079ECB4 /* NotoSans-SemiCondensedThin.ttf */; };
		3647FB6E263864300079ECB4 /* NotoSans-SemiCondensedExtraBold.ttf in Resources */ = {isa = PBXBuildFile; fileRef = 3647FB262638642F0079ECB4 /* NotoSans-SemiCondensedExtraBold.ttf */; };
		3647FB6F263864300079ECB4 /* NotoSans-ExtraCondensedThinItalic.ttf in Resources */ = {isa = PBXBuildFile; fileRef = 3647FB272638642F0079ECB4 /* NotoSans-ExtraCondensedThinItalic.ttf */; };
		3647FB70263864300079ECB4 /* NotoSans-BlackItalic.ttf in Resources */ = {isa = PBXBuildFile; fileRef = 3647FB282638642F0079ECB4 /* NotoSans-BlackItalic.ttf */; };
		3647FB71263864300079ECB4 /* NotoSans-SemiCondensedBlackItalic.ttf in Resources */ = {isa = PBXBuildFile; fileRef = 3647FB292638642F0079ECB4 /* NotoSans-SemiCondensedBlackItalic.ttf */; };
		3647FB72263864300079ECB4 /* NotoSans-ExtraCondensedItalic.ttf in Resources */ = {isa = PBXBuildFile; fileRef = 3647FB2A2638642F0079ECB4 /* NotoSans-ExtraCondensedItalic.ttf */; };
		3647FB73263864300079ECB4 /* NotoSans-SemiCondensedBoldItalic.ttf in Resources */ = {isa = PBXBuildFile; fileRef = 3647FB2B2638642F0079ECB4 /* NotoSans-SemiCondensedBoldItalic.ttf */; };
		3647FB74263864300079ECB4 /* NotoSans-SemiCondensedMediumItalic.ttf in Resources */ = {isa = PBXBuildFile; fileRef = 3647FB2C2638642F0079ECB4 /* NotoSans-SemiCondensedMediumItalic.ttf */; };
		3647FB75263864300079ECB4 /* NotoSans-ExtraCondensedMedium.ttf in Resources */ = {isa = PBXBuildFile; fileRef = 3647FB2D2638642F0079ECB4 /* NotoSans-ExtraCondensedMedium.ttf */; };
		3647FB76263864300079ECB4 /* NotoSans-CondensedThinItalic.ttf in Resources */ = {isa = PBXBuildFile; fileRef = 3647FB2E2638642F0079ECB4 /* NotoSans-CondensedThinItalic.ttf */; };
		3647FB77263864300079ECB4 /* NotoSans-CondensedThin.ttf in Resources */ = {isa = PBXBuildFile; fileRef = 3647FB2F2638642F0079ECB4 /* NotoSans-CondensedThin.ttf */; };
		3647FB78263864300079ECB4 /* NotoSans-CondensedMediumItalic.ttf in Resources */ = {isa = PBXBuildFile; fileRef = 3647FB302638642F0079ECB4 /* NotoSans-CondensedMediumItalic.ttf */; };
		3647FB79263864300079ECB4 /* NotoSans-ExtraCondensedThin.ttf in Resources */ = {isa = PBXBuildFile; fileRef = 3647FB312638642F0079ECB4 /* NotoSans-ExtraCondensedThin.ttf */; };
		3647FB7A263864300079ECB4 /* NotoSans-CondensedBold.ttf in Resources */ = {isa = PBXBuildFile; fileRef = 3647FB322638642F0079ECB4 /* NotoSans-CondensedBold.ttf */; };
		3647FB7B263864300079ECB4 /* NotoSans-CondensedExtraLight.ttf in Resources */ = {isa = PBXBuildFile; fileRef = 3647FB332638642F0079ECB4 /* NotoSans-CondensedExtraLight.ttf */; };
		3647FB7C263864300079ECB4 /* NotoSans-Italic.ttf in Resources */ = {isa = PBXBuildFile; fileRef = 3647FB342638642F0079ECB4 /* NotoSans-Italic.ttf */; };
		3647FB7D263864300079ECB4 /* NotoSans-ExtraCondensed.ttf in Resources */ = {isa = PBXBuildFile; fileRef = 3647FB352638642F0079ECB4 /* NotoSans-ExtraCondensed.ttf */; };
		3647FB7E263864300079ECB4 /* NotoSans-CondensedMedium.ttf in Resources */ = {isa = PBXBuildFile; fileRef = 3647FB362638642F0079ECB4 /* NotoSans-CondensedMedium.ttf */; };
		3647FB7F263864300079ECB4 /* NotoSans-BoldItalic.ttf in Resources */ = {isa = PBXBuildFile; fileRef = 3647FB372638642F0079ECB4 /* NotoSans-BoldItalic.ttf */; };
		3647FB80263864300079ECB4 /* NotoSans-Regular.ttf in Resources */ = {isa = PBXBuildFile; fileRef = 3647FB382638642F0079ECB4 /* NotoSans-Regular.ttf */; };
		3647FB81263864300079ECB4 /* NotoSans-CondensedItalic.ttf in Resources */ = {isa = PBXBuildFile; fileRef = 3647FB392638642F0079ECB4 /* NotoSans-CondensedItalic.ttf */; };
		3647FB82263864300079ECB4 /* NotoSans-ExtraCondensedLight.ttf in Resources */ = {isa = PBXBuildFile; fileRef = 3647FB3A2638642F0079ECB4 /* NotoSans-ExtraCondensedLight.ttf */; };
		3647FB83263864300079ECB4 /* NotoSans-MediumItalic.ttf in Resources */ = {isa = PBXBuildFile; fileRef = 3647FB3B2638642F0079ECB4 /* NotoSans-MediumItalic.ttf */; };
		3647FB84263864300079ECB4 /* NotoSans-SemiCondensedExtraBoldItalic.ttf in Resources */ = {isa = PBXBuildFile; fileRef = 3647FB3C2638642F0079ECB4 /* NotoSans-SemiCondensedExtraBoldItalic.ttf */; };
		3647FB85263864300079ECB4 /* NotoSans-SemiBold.ttf in Resources */ = {isa = PBXBuildFile; fileRef = 3647FB3D2638642F0079ECB4 /* NotoSans-SemiBold.ttf */; };
		3647FB86263864300079ECB4 /* NotoSans-SemiCondensedExtraLightItalic.ttf in Resources */ = {isa = PBXBuildFile; fileRef = 3647FB3E2638642F0079ECB4 /* NotoSans-SemiCondensedExtraLightItalic.ttf */; };
		3647FB87263864300079ECB4 /* NotoSans-ExtraCondensedSemiBoldItalic.ttf in Resources */ = {isa = PBXBuildFile; fileRef = 3647FB3F2638642F0079ECB4 /* NotoSans-ExtraCondensedSemiBoldItalic.ttf */; };
		3647FB88263864300079ECB4 /* NotoSans-ExtraLightItalic.ttf in Resources */ = {isa = PBXBuildFile; fileRef = 3647FB402638642F0079ECB4 /* NotoSans-ExtraLightItalic.ttf */; };
		3647FB89263864300079ECB4 /* NotoSans-ExtraBoldItalic.ttf in Resources */ = {isa = PBXBuildFile; fileRef = 3647FB412638642F0079ECB4 /* NotoSans-ExtraBoldItalic.ttf */; };
		3647FB8A263864300079ECB4 /* NotoSans-ExtraCondensedSemiBold.ttf in Resources */ = {isa = PBXBuildFile; fileRef = 3647FB422638642F0079ECB4 /* NotoSans-ExtraCondensedSemiBold.ttf */; };
		3647FB8B263864300079ECB4 /* NotoSans-CondensedLight.ttf in Resources */ = {isa = PBXBuildFile; fileRef = 3647FB43263864300079ECB4 /* NotoSans-CondensedLight.ttf */; };
		3647FB8C263864300079ECB4 /* NotoSans-Condensed.ttf in Resources */ = {isa = PBXBuildFile; fileRef = 3647FB44263864300079ECB4 /* NotoSans-Condensed.ttf */; };
		3647FB8D263864300079ECB4 /* NotoSans-LightItalic.ttf in Resources */ = {isa = PBXBuildFile; fileRef = 3647FB45263864300079ECB4 /* NotoSans-LightItalic.ttf */; };
		3647FB8E263864300079ECB4 /* NotoSans-SemiCondensedLight.ttf in Resources */ = {isa = PBXBuildFile; fileRef = 3647FB46263864300079ECB4 /* NotoSans-SemiCondensedLight.ttf */; };
		3647FB8F263864300079ECB4 /* NotoSans-CondensedExtraBold.ttf in Resources */ = {isa = PBXBuildFile; fileRef = 3647FB47263864300079ECB4 /* NotoSans-CondensedExtraBold.ttf */; };
		3647FB90263864300079ECB4 /* NotoSans-ExtraBold.ttf in Resources */ = {isa = PBXBuildFile; fileRef = 3647FB48263864300079ECB4 /* NotoSans-ExtraBold.ttf */; };
		3647FB91263864300079ECB4 /* NotoSans-ExtraLight.ttf in Resources */ = {isa = PBXBuildFile; fileRef = 3647FB49263864300079ECB4 /* NotoSans-ExtraLight.ttf */; };
		3647FB92263864300079ECB4 /* NotoSans-ExtraCondensedBold.ttf in Resources */ = {isa = PBXBuildFile; fileRef = 3647FB4A263864300079ECB4 /* NotoSans-ExtraCondensedBold.ttf */; };
		3647FB93263864300079ECB4 /* NotoSans-SemiBoldItalic.ttf in Resources */ = {isa = PBXBuildFile; fileRef = 3647FB4B263864300079ECB4 /* NotoSans-SemiBoldItalic.ttf */; };
		3647FB94263864300079ECB4 /* NotoSans-SemiCondensedSemiBoldItalic.ttf in Resources */ = {isa = PBXBuildFile; fileRef = 3647FB4C263864300079ECB4 /* NotoSans-SemiCondensedSemiBoldItalic.ttf */; };
		3647FB95263864300079ECB4 /* NotoSans-Light.ttf in Resources */ = {isa = PBXBuildFile; fileRef = 3647FB4D263864300079ECB4 /* NotoSans-Light.ttf */; };
		368A019A263FE4A300100B01 /* Pods_Awesome.framework in Frameworks */ = {isa = PBXBuildFile; fileRef = 368A0199263FE4A300100B01 /* Pods_Awesome.framework */; };
		368A019B263FE4A300100B01 /* Pods_Awesome.framework in Embed Frameworks */ = {isa = PBXBuildFile; fileRef = 368A0199263FE4A300100B01 /* Pods_Awesome.framework */; settings = {ATTRIBUTES = (CodeSignOnCopy, RemoveHeadersOnCopy, ); }; };
		3698A9382637173C0082B4AB /* LoginCheckViewController.swift in Sources */ = {isa = PBXBuildFile; fileRef = 3698A9372637173C0082B4AB /* LoginCheckViewController.swift */; };
		36AA7C25263A97080084DD9C /* AlertViewController.swift in Sources */ = {isa = PBXBuildFile; fileRef = 36AA7C24263A97080084DD9C /* AlertViewController.swift */; };
		36DE494E263EA88E00AE02DA /* MainTableViewCell.swift in Sources */ = {isa = PBXBuildFile; fileRef = 36DE494D263EA88E00AE02DA /* MainTableViewCell.swift */; };
		9E0872A5499569DCC8C4A9FE /* Pods_Awesome_AwesomeUITests.framework in Frameworks */ = {isa = PBXBuildFile; fileRef = 3EC58C65B4D2C1E901AE56FF /* Pods_Awesome_AwesomeUITests.framework */; };
		DF249DDB2916792A2177BD18 /* Pods_AwesomeTests.framework in Frameworks */ = {isa = PBXBuildFile; fileRef = 90268F6CF83216F1FB6D1D8E /* Pods_AwesomeTests.framework */; };
/* End PBXBuildFile section */

/* Begin PBXContainerItemProxy section */
		36419DAF2636E4630067C89D /* PBXContainerItemProxy */ = {
			isa = PBXContainerItemProxy;
			containerPortal = 36419D902636E4620067C89D /* Project object */;
			proxyType = 1;
			remoteGlobalIDString = 36419D972636E4630067C89D;
			remoteInfo = Awesome;
		};
		36419DBA2636E4630067C89D /* PBXContainerItemProxy */ = {
			isa = PBXContainerItemProxy;
			containerPortal = 36419D902636E4620067C89D /* Project object */;
			proxyType = 1;
			remoteGlobalIDString = 36419D972636E4630067C89D;
			remoteInfo = Awesome;
		};
/* End PBXContainerItemProxy section */

/* Begin PBXCopyFilesBuildPhase section */
		368A019C263FE4A300100B01 /* Embed Frameworks */ = {
			isa = PBXCopyFilesBuildPhase;
			buildActionMask = 2147483647;
			dstPath = "";
			dstSubfolderSpec = 10;
			files = (
				368A019B263FE4A300100B01 /* Pods_Awesome.framework in Embed Frameworks */,
			);
			name = "Embed Frameworks";
			runOnlyForDeploymentPostprocessing = 0;
		};
/* End PBXCopyFilesBuildPhase section */

/* Begin PBXFileReference section */
		0D61D0D9D87BDCB3EB0FB8EA /* Pods_Awesome.framework */ = {isa = PBXFileReference; explicitFileType = wrapper.framework; includeInIndex = 0; path = Pods_Awesome.framework; sourceTree = BUILT_PRODUCTS_DIR; };
		24FF705C2CDEF7B9F86FD044 /* Pods-Awesome.debug.xcconfig */ = {isa = PBXFileReference; includeInIndex = 1; lastKnownFileType = text.xcconfig; name = "Pods-Awesome.debug.xcconfig"; path = "Target Support Files/Pods-Awesome/Pods-Awesome.debug.xcconfig"; sourceTree = "<group>"; };
		354134F2488BCD2E0A188529 /* Pods-Awesome.release.xcconfig */ = {isa = PBXFileReference; includeInIndex = 1; lastKnownFileType = text.xcconfig; name = "Pods-Awesome.release.xcconfig"; path = "Target Support Files/Pods-Awesome/Pods-Awesome.release.xcconfig"; sourceTree = "<group>"; };
		36174C7C26382F0C00E8A0CD /* SettingViewController.swift */ = {isa = PBXFileReference; lastKnownFileType = sourcecode.swift; path = SettingViewController.swift; sourceTree = "<group>"; };
		3628EE4B263EB59F0042A9B5 /* dummy.swift */ = {isa = PBXFileReference; lastKnownFileType = sourcecode.swift; path = dummy.swift; sourceTree = "<group>"; };
		36340BEF263FC5AA0089BC15 /* CallendarViewController.swift */ = {isa = PBXFileReference; lastKnownFileType = sourcecode.swift; path = CallendarViewController.swift; sourceTree = "<group>"; };
		363ED889263FE716005475A1 /* FSCalendar.framework */ = {isa = PBXFileReference; explicitFileType = wrapper.framework; path = FSCalendar.framework; sourceTree = BUILT_PRODUCTS_DIR; };
		36419D982636E4630067C89D /* Awesome.app */ = {isa = PBXFileReference; explicitFileType = wrapper.application; includeInIndex = 0; path = Awesome.app; sourceTree = BUILT_PRODUCTS_DIR; };
		36419D9B2636E4630067C89D /* AppDelegate.swift */ = {isa = PBXFileReference; lastKnownFileType = sourcecode.swift; path = AppDelegate.swift; sourceTree = "<group>"; };
		36419D9D2636E4630067C89D /* SceneDelegate.swift */ = {isa = PBXFileReference; lastKnownFileType = sourcecode.swift; path = SceneDelegate.swift; sourceTree = "<group>"; };
		36419D9F2636E4630067C89D /* ViewController.swift */ = {isa = PBXFileReference; lastKnownFileType = sourcecode.swift; path = ViewController.swift; sourceTree = "<group>"; };
		36419DA22636E4630067C89D /* Base */ = {isa = PBXFileReference; lastKnownFileType = file.storyboard; name = Base; path = Base.lproj/Main.storyboard; sourceTree = "<group>"; };
		36419DA42636E4630067C89D /* Assets.xcassets */ = {isa = PBXFileReference; lastKnownFileType = folder.assetcatalog; path = Assets.xcassets; sourceTree = "<group>"; };
		36419DA72636E4630067C89D /* Base */ = {isa = PBXFileReference; lastKnownFileType = file.storyboard; name = Base; path = Base.lproj/LaunchScreen.storyboard; sourceTree = "<group>"; };
		36419DA92636E4630067C89D /* Info.plist */ = {isa = PBXFileReference; lastKnownFileType = text.plist.xml; path = Info.plist; sourceTree = "<group>"; };
		36419DAE2636E4630067C89D /* AwesomeTests.xctest */ = {isa = PBXFileReference; explicitFileType = wrapper.cfbundle; includeInIndex = 0; path = AwesomeTests.xctest; sourceTree = BUILT_PRODUCTS_DIR; };
		36419DB22636E4630067C89D /* AwesomeTests.swift */ = {isa = PBXFileReference; lastKnownFileType = sourcecode.swift; path = AwesomeTests.swift; sourceTree = "<group>"; };
		36419DB42636E4630067C89D /* Info.plist */ = {isa = PBXFileReference; lastKnownFileType = text.plist.xml; path = Info.plist; sourceTree = "<group>"; };
		36419DB92636E4630067C89D /* AwesomeUITests.xctest */ = {isa = PBXFileReference; explicitFileType = wrapper.cfbundle; includeInIndex = 0; path = AwesomeUITests.xctest; sourceTree = BUILT_PRODUCTS_DIR; };
		36419DBD2636E4630067C89D /* AwesomeUITests.swift */ = {isa = PBXFileReference; lastKnownFileType = sourcecode.swift; path = AwesomeUITests.swift; sourceTree = "<group>"; };
		36419DBF2636E4630067C89D /* Info.plist */ = {isa = PBXFileReference; lastKnownFileType = text.plist.xml; path = Info.plist; sourceTree = "<group>"; };
		36419DEC2636ECBC0067C89D /* LoginViewController.swift */ = {isa = PBXFileReference; lastKnownFileType = sourcecode.swift; path = LoginViewController.swift; sourceTree = "<group>"; };
		3647FB062638642F0079ECB4 /* NotoSans-ExtraCondensedMediumItalic.ttf */ = {isa = PBXFileReference; lastKnownFileType = file; name = "NotoSans-ExtraCondensedMediumItalic.ttf"; path = "../../../Downloads/NotoSans-unhinted/NotoSans-ExtraCondensedMediumItalic.ttf"; sourceTree = "<group>"; };
		3647FB072638642F0079ECB4 /* NotoSans-Thin.ttf */ = {isa = PBXFileReference; lastKnownFileType = file; name = "NotoSans-Thin.ttf"; path = "../../../Downloads/NotoSans-unhinted/NotoSans-Thin.ttf"; sourceTree = "<group>"; };
		3647FB082638642F0079ECB4 /* NotoSans-CondensedBoldItalic.ttf */ = {isa = PBXFileReference; lastKnownFileType = file; name = "NotoSans-CondensedBoldItalic.ttf"; path = "../../../Downloads/NotoSans-unhinted/NotoSans-CondensedBoldItalic.ttf"; sourceTree = "<group>"; };
		3647FB092638642F0079ECB4 /* NotoSans-Medium.ttf */ = {isa = PBXFileReference; lastKnownFileType = file; name = "NotoSans-Medium.ttf"; path = "../../../Downloads/NotoSans-unhinted/NotoSans-Medium.ttf"; sourceTree = "<group>"; };
		3647FB0A2638642F0079ECB4 /* NotoSans-CondensedExtraBoldItalic.ttf */ = {isa = PBXFileReference; lastKnownFileType = file; name = "NotoSans-CondensedExtraBoldItalic.ttf"; path = "../../../Downloads/NotoSans-unhinted/NotoSans-CondensedExtraBoldItalic.ttf"; sourceTree = "<group>"; };
		3647FB0B2638642F0079ECB4 /* NotoSans-SemiCondensedSemiBold.ttf */ = {isa = PBXFileReference; lastKnownFileType = file; name = "NotoSans-SemiCondensedSemiBold.ttf"; path = "../../../Downloads/NotoSans-unhinted/NotoSans-SemiCondensedSemiBold.ttf"; sourceTree = "<group>"; };
		3647FB0C2638642F0079ECB4 /* NotoSans-Black.ttf */ = {isa = PBXFileReference; lastKnownFileType = file; name = "NotoSans-Black.ttf"; path = "../../../Downloads/NotoSans-unhinted/NotoSans-Black.ttf"; sourceTree = "<group>"; };
		3647FB0D2638642F0079ECB4 /* NotoSans-CondensedSemiBoldItalic.ttf */ = {isa = PBXFileReference; lastKnownFileType = file; name = "NotoSans-CondensedSemiBoldItalic.ttf"; path = "../../../Downloads/NotoSans-unhinted/NotoSans-CondensedSemiBoldItalic.ttf"; sourceTree = "<group>"; };
		3647FB0E2638642F0079ECB4 /* NotoSans-CondensedBlackItalic.ttf */ = {isa = PBXFileReference; lastKnownFileType = file; name = "NotoSans-CondensedBlackItalic.ttf"; path = "../../../Downloads/NotoSans-unhinted/NotoSans-CondensedBlackItalic.ttf"; sourceTree = "<group>"; };
		3647FB0F2638642F0079ECB4 /* NotoSans-CondensedExtraLightItalic.ttf */ = {isa = PBXFileReference; lastKnownFileType = file; name = "NotoSans-CondensedExtraLightItalic.ttf"; path = "../../../Downloads/NotoSans-unhinted/NotoSans-CondensedExtraLightItalic.ttf"; sourceTree = "<group>"; };
		3647FB102638642F0079ECB4 /* NotoSans-ExtraCondensedLightItalic.ttf */ = {isa = PBXFileReference; lastKnownFileType = file; name = "NotoSans-ExtraCondensedLightItalic.ttf"; path = "../../../Downloads/NotoSans-unhinted/NotoSans-ExtraCondensedLightItalic.ttf"; sourceTree = "<group>"; };
		3647FB112638642F0079ECB4 /* NotoSans-ThinItalic.ttf */ = {isa = PBXFileReference; lastKnownFileType = file; name = "NotoSans-ThinItalic.ttf"; path = "../../../Downloads/NotoSans-unhinted/NotoSans-ThinItalic.ttf"; sourceTree = "<group>"; };
		3647FB122638642F0079ECB4 /* NotoSans-SemiCondensedBlack.ttf */ = {isa = PBXFileReference; lastKnownFileType = file; name = "NotoSans-SemiCondensedBlack.ttf"; path = "../../../Downloads/NotoSans-unhinted/NotoSans-SemiCondensedBlack.ttf"; sourceTree = "<group>"; };
		3647FB132638642F0079ECB4 /* NotoSans-SemiCondensedExtraLight.ttf */ = {isa = PBXFileReference; lastKnownFileType = file; name = "NotoSans-SemiCondensedExtraLight.ttf"; path = "../../../Downloads/NotoSans-unhinted/NotoSans-SemiCondensedExtraLight.ttf"; sourceTree = "<group>"; };
		3647FB142638642F0079ECB4 /* NotoSans-SemiCondensed.ttf */ = {isa = PBXFileReference; lastKnownFileType = file; name = "NotoSans-SemiCondensed.ttf"; path = "../../../Downloads/NotoSans-unhinted/NotoSans-SemiCondensed.ttf"; sourceTree = "<group>"; };
		3647FB152638642F0079ECB4 /* NotoSans-ExtraCondensedBoldItalic.ttf */ = {isa = PBXFileReference; lastKnownFileType = file; name = "NotoSans-ExtraCondensedBoldItalic.ttf"; path = "../../../Downloads/NotoSans-unhinted/NotoSans-ExtraCondensedBoldItalic.ttf"; sourceTree = "<group>"; };
		3647FB162638642F0079ECB4 /* NotoSans-CondensedBlack.ttf */ = {isa = PBXFileReference; lastKnownFileType = file; name = "NotoSans-CondensedBlack.ttf"; path = "../../../Downloads/NotoSans-unhinted/NotoSans-CondensedBlack.ttf"; sourceTree = "<group>"; };
		3647FB172638642F0079ECB4 /* NotoSans-CondensedSemiBold.ttf */ = {isa = PBXFileReference; lastKnownFileType = file; name = "NotoSans-CondensedSemiBold.ttf"; path = "../../../Downloads/NotoSans-unhinted/NotoSans-CondensedSemiBold.ttf"; sourceTree = "<group>"; };
		3647FB182638642F0079ECB4 /* NotoSans-SemiCondensedMedium.ttf */ = {isa = PBXFileReference; lastKnownFileType = file; name = "NotoSans-SemiCondensedMedium.ttf"; path = "../../../Downloads/NotoSans-unhinted/NotoSans-SemiCondensedMedium.ttf"; sourceTree = "<group>"; };
		3647FB192638642F0079ECB4 /* NotoSans-SemiCondensedThinItalic.ttf */ = {isa = PBXFileReference; lastKnownFileType = file; name = "NotoSans-SemiCondensedThinItalic.ttf"; path = "../../../Downloads/NotoSans-unhinted/NotoSans-SemiCondensedThinItalic.ttf"; sourceTree = "<group>"; };
		3647FB1A2638642F0079ECB4 /* NotoSans-ExtraCondensedExtraBoldItalic.ttf */ = {isa = PBXFileReference; lastKnownFileType = file; name = "NotoSans-ExtraCondensedExtraBoldItalic.ttf"; path = "../../../Downloads/NotoSans-unhinted/NotoSans-ExtraCondensedExtraBoldItalic.ttf"; sourceTree = "<group>"; };
		3647FB1B2638642F0079ECB4 /* NotoSans-ExtraCondensedExtraLightItalic.ttf */ = {isa = PBXFileReference; lastKnownFileType = file; name = "NotoSans-ExtraCondensedExtraLightItalic.ttf"; path = "../../../Downloads/NotoSans-unhinted/NotoSans-ExtraCondensedExtraLightItalic.ttf"; sourceTree = "<group>"; };
		3647FB1C2638642F0079ECB4 /* NotoSans-ExtraCondensedExtraLight.ttf */ = {isa = PBXFileReference; lastKnownFileType = file; name = "NotoSans-ExtraCondensedExtraLight.ttf"; path = "../../../Downloads/NotoSans-unhinted/NotoSans-ExtraCondensedExtraLight.ttf"; sourceTree = "<group>"; };
		3647FB1D2638642F0079ECB4 /* NotoSans-ExtraCondensedBlack.ttf */ = {isa = PBXFileReference; lastKnownFileType = file; name = "NotoSans-ExtraCondensedBlack.ttf"; path = "../../../Downloads/NotoSans-unhinted/NotoSans-ExtraCondensedBlack.ttf"; sourceTree = "<group>"; };
		3647FB1E2638642F0079ECB4 /* NotoSans-Bold.ttf */ = {isa = PBXFileReference; lastKnownFileType = file; name = "NotoSans-Bold.ttf"; path = "../../../Downloads/NotoSans-unhinted/NotoSans-Bold.ttf"; sourceTree = "<group>"; };
		3647FB1F2638642F0079ECB4 /* NotoSans-SemiCondensedItalic.ttf */ = {isa = PBXFileReference; lastKnownFileType = file; name = "NotoSans-SemiCondensedItalic.ttf"; path = "../../../Downloads/NotoSans-unhinted/NotoSans-SemiCondensedItalic.ttf"; sourceTree = "<group>"; };
		3647FB202638642F0079ECB4 /* NotoSans-ExtraCondensedBlackItalic.ttf */ = {isa = PBXFileReference; lastKnownFileType = file; name = "NotoSans-ExtraCondensedBlackItalic.ttf"; path = "../../../Downloads/NotoSans-unhinted/NotoSans-ExtraCondensedBlackItalic.ttf"; sourceTree = "<group>"; };
		3647FB212638642F0079ECB4 /* NotoSans-SemiCondensedBold.ttf */ = {isa = PBXFileReference; lastKnownFileType = file; name = "NotoSans-SemiCondensedBold.ttf"; path = "../../../Downloads/NotoSans-unhinted/NotoSans-SemiCondensedBold.ttf"; sourceTree = "<group>"; };
		3647FB222638642F0079ECB4 /* NotoSans-ExtraCondensedExtraBold.ttf */ = {isa = PBXFileReference; lastKnownFileType = file; name = "NotoSans-ExtraCondensedExtraBold.ttf"; path = "../../../Downloads/NotoSans-unhinted/NotoSans-ExtraCondensedExtraBold.ttf"; sourceTree = "<group>"; };
		3647FB232638642F0079ECB4 /* NotoSans-SemiCondensedLightItalic.ttf */ = {isa = PBXFileReference; lastKnownFileType = file; name = "NotoSans-SemiCondensedLightItalic.ttf"; path = "../../../Downloads/NotoSans-unhinted/NotoSans-SemiCondensedLightItalic.ttf"; sourceTree = "<group>"; };
		3647FB242638642F0079ECB4 /* NotoSans-CondensedLightItalic.ttf */ = {isa = PBXFileReference; lastKnownFileType = file; name = "NotoSans-CondensedLightItalic.ttf"; path = "../../../Downloads/NotoSans-unhinted/NotoSans-CondensedLightItalic.ttf"; sourceTree = "<group>"; };
		3647FB252638642F0079ECB4 /* NotoSans-SemiCondensedThin.ttf */ = {isa = PBXFileReference; lastKnownFileType = file; name = "NotoSans-SemiCondensedThin.ttf"; path = "../../../Downloads/NotoSans-unhinted/NotoSans-SemiCondensedThin.ttf"; sourceTree = "<group>"; };
		3647FB262638642F0079ECB4 /* NotoSans-SemiCondensedExtraBold.ttf */ = {isa = PBXFileReference; lastKnownFileType = file; name = "NotoSans-SemiCondensedExtraBold.ttf"; path = "../../../Downloads/NotoSans-unhinted/NotoSans-SemiCondensedExtraBold.ttf"; sourceTree = "<group>"; };
		3647FB272638642F0079ECB4 /* NotoSans-ExtraCondensedThinItalic.ttf */ = {isa = PBXFileReference; lastKnownFileType = file; name = "NotoSans-ExtraCondensedThinItalic.ttf"; path = "../../../Downloads/NotoSans-unhinted/NotoSans-ExtraCondensedThinItalic.ttf"; sourceTree = "<group>"; };
		3647FB282638642F0079ECB4 /* NotoSans-BlackItalic.ttf */ = {isa = PBXFileReference; lastKnownFileType = file; name = "NotoSans-BlackItalic.ttf"; path = "../../../Downloads/NotoSans-unhinted/NotoSans-BlackItalic.ttf"; sourceTree = "<group>"; };
		3647FB292638642F0079ECB4 /* NotoSans-SemiCondensedBlackItalic.ttf */ = {isa = PBXFileReference; lastKnownFileType = file; name = "NotoSans-SemiCondensedBlackItalic.ttf"; path = "../../../Downloads/NotoSans-unhinted/NotoSans-SemiCondensedBlackItalic.ttf"; sourceTree = "<group>"; };
		3647FB2A2638642F0079ECB4 /* NotoSans-ExtraCondensedItalic.ttf */ = {isa = PBXFileReference; lastKnownFileType = file; name = "NotoSans-ExtraCondensedItalic.ttf"; path = "../../../Downloads/NotoSans-unhinted/NotoSans-ExtraCondensedItalic.ttf"; sourceTree = "<group>"; };
		3647FB2B2638642F0079ECB4 /* NotoSans-SemiCondensedBoldItalic.ttf */ = {isa = PBXFileReference; lastKnownFileType = file; name = "NotoSans-SemiCondensedBoldItalic.ttf"; path = "../../../Downloads/NotoSans-unhinted/NotoSans-SemiCondensedBoldItalic.ttf"; sourceTree = "<group>"; };
		3647FB2C2638642F0079ECB4 /* NotoSans-SemiCondensedMediumItalic.ttf */ = {isa = PBXFileReference; lastKnownFileType = file; name = "NotoSans-SemiCondensedMediumItalic.ttf"; path = "../../../Downloads/NotoSans-unhinted/NotoSans-SemiCondensedMediumItalic.ttf"; sourceTree = "<group>"; };
		3647FB2D2638642F0079ECB4 /* NotoSans-ExtraCondensedMedium.ttf */ = {isa = PBXFileReference; lastKnownFileType = file; name = "NotoSans-ExtraCondensedMedium.ttf"; path = "../../../Downloads/NotoSans-unhinted/NotoSans-ExtraCondensedMedium.ttf"; sourceTree = "<group>"; };
		3647FB2E2638642F0079ECB4 /* NotoSans-CondensedThinItalic.ttf */ = {isa = PBXFileReference; lastKnownFileType = file; name = "NotoSans-CondensedThinItalic.ttf"; path = "../../../Downloads/NotoSans-unhinted/NotoSans-CondensedThinItalic.ttf"; sourceTree = "<group>"; };
		3647FB2F2638642F0079ECB4 /* NotoSans-CondensedThin.ttf */ = {isa = PBXFileReference; lastKnownFileType = file; name = "NotoSans-CondensedThin.ttf"; path = "../../../Downloads/NotoSans-unhinted/NotoSans-CondensedThin.ttf"; sourceTree = "<group>"; };
		3647FB302638642F0079ECB4 /* NotoSans-CondensedMediumItalic.ttf */ = {isa = PBXFileReference; lastKnownFileType = file; name = "NotoSans-CondensedMediumItalic.ttf"; path = "../../../Downloads/NotoSans-unhinted/NotoSans-CondensedMediumItalic.ttf"; sourceTree = "<group>"; };
		3647FB312638642F0079ECB4 /* NotoSans-ExtraCondensedThin.ttf */ = {isa = PBXFileReference; lastKnownFileType = file; name = "NotoSans-ExtraCondensedThin.ttf"; path = "../../../Downloads/NotoSans-unhinted/NotoSans-ExtraCondensedThin.ttf"; sourceTree = "<group>"; };
		3647FB322638642F0079ECB4 /* NotoSans-CondensedBold.ttf */ = {isa = PBXFileReference; lastKnownFileType = file; name = "NotoSans-CondensedBold.ttf"; path = "../../../Downloads/NotoSans-unhinted/NotoSans-CondensedBold.ttf"; sourceTree = "<group>"; };
		3647FB332638642F0079ECB4 /* NotoSans-CondensedExtraLight.ttf */ = {isa = PBXFileReference; lastKnownFileType = file; name = "NotoSans-CondensedExtraLight.ttf"; path = "../../../Downloads/NotoSans-unhinted/NotoSans-CondensedExtraLight.ttf"; sourceTree = "<group>"; };
		3647FB342638642F0079ECB4 /* NotoSans-Italic.ttf */ = {isa = PBXFileReference; lastKnownFileType = file; name = "NotoSans-Italic.ttf"; path = "../../../Downloads/NotoSans-unhinted/NotoSans-Italic.ttf"; sourceTree = "<group>"; };
		3647FB352638642F0079ECB4 /* NotoSans-ExtraCondensed.ttf */ = {isa = PBXFileReference; lastKnownFileType = file; name = "NotoSans-ExtraCondensed.ttf"; path = "../../../Downloads/NotoSans-unhinted/NotoSans-ExtraCondensed.ttf"; sourceTree = "<group>"; };
		3647FB362638642F0079ECB4 /* NotoSans-CondensedMedium.ttf */ = {isa = PBXFileReference; lastKnownFileType = file; name = "NotoSans-CondensedMedium.ttf"; path = "../../../Downloads/NotoSans-unhinted/NotoSans-CondensedMedium.ttf"; sourceTree = "<group>"; };
		3647FB372638642F0079ECB4 /* NotoSans-BoldItalic.ttf */ = {isa = PBXFileReference; lastKnownFileType = file; name = "NotoSans-BoldItalic.ttf"; path = "../../../Downloads/NotoSans-unhinted/NotoSans-BoldItalic.ttf"; sourceTree = "<group>"; };
		3647FB382638642F0079ECB4 /* NotoSans-Regular.ttf */ = {isa = PBXFileReference; lastKnownFileType = file; name = "NotoSans-Regular.ttf"; path = "../../../Downloads/NotoSans-unhinted/NotoSans-Regular.ttf"; sourceTree = "<group>"; };
		3647FB392638642F0079ECB4 /* NotoSans-CondensedItalic.ttf */ = {isa = PBXFileReference; lastKnownFileType = file; name = "NotoSans-CondensedItalic.ttf"; path = "../../../Downloads/NotoSans-unhinted/NotoSans-CondensedItalic.ttf"; sourceTree = "<group>"; };
		3647FB3A2638642F0079ECB4 /* NotoSans-ExtraCondensedLight.ttf */ = {isa = PBXFileReference; lastKnownFileType = file; name = "NotoSans-ExtraCondensedLight.ttf"; path = "../../../Downloads/NotoSans-unhinted/NotoSans-ExtraCondensedLight.ttf"; sourceTree = "<group>"; };
		3647FB3B2638642F0079ECB4 /* NotoSans-MediumItalic.ttf */ = {isa = PBXFileReference; lastKnownFileType = file; name = "NotoSans-MediumItalic.ttf"; path = "../../../Downloads/NotoSans-unhinted/NotoSans-MediumItalic.ttf"; sourceTree = "<group>"; };
		3647FB3C2638642F0079ECB4 /* NotoSans-SemiCondensedExtraBoldItalic.ttf */ = {isa = PBXFileReference; lastKnownFileType = file; name = "NotoSans-SemiCondensedExtraBoldItalic.ttf"; path = "../../../Downloads/NotoSans-unhinted/NotoSans-SemiCondensedExtraBoldItalic.ttf"; sourceTree = "<group>"; };
		3647FB3D2638642F0079ECB4 /* NotoSans-SemiBold.ttf */ = {isa = PBXFileReference; lastKnownFileType = file; name = "NotoSans-SemiBold.ttf"; path = "../../../Downloads/NotoSans-unhinted/NotoSans-SemiBold.ttf"; sourceTree = "<group>"; };
		3647FB3E2638642F0079ECB4 /* NotoSans-SemiCondensedExtraLightItalic.ttf */ = {isa = PBXFileReference; lastKnownFileType = file; name = "NotoSans-SemiCondensedExtraLightItalic.ttf"; path = "../../../Downloads/NotoSans-unhinted/NotoSans-SemiCondensedExtraLightItalic.ttf"; sourceTree = "<group>"; };
		3647FB3F2638642F0079ECB4 /* NotoSans-ExtraCondensedSemiBoldItalic.ttf */ = {isa = PBXFileReference; lastKnownFileType = file; name = "NotoSans-ExtraCondensedSemiBoldItalic.ttf"; path = "../../../Downloads/NotoSans-unhinted/NotoSans-ExtraCondensedSemiBoldItalic.ttf"; sourceTree = "<group>"; };
		3647FB402638642F0079ECB4 /* NotoSans-ExtraLightItalic.ttf */ = {isa = PBXFileReference; lastKnownFileType = file; name = "NotoSans-ExtraLightItalic.ttf"; path = "../../../Downloads/NotoSans-unhinted/NotoSans-ExtraLightItalic.ttf"; sourceTree = "<group>"; };
		3647FB412638642F0079ECB4 /* NotoSans-ExtraBoldItalic.ttf */ = {isa = PBXFileReference; lastKnownFileType = file; name = "NotoSans-ExtraBoldItalic.ttf"; path = "../../../Downloads/NotoSans-unhinted/NotoSans-ExtraBoldItalic.ttf"; sourceTree = "<group>"; };
		3647FB422638642F0079ECB4 /* NotoSans-ExtraCondensedSemiBold.ttf */ = {isa = PBXFileReference; lastKnownFileType = file; name = "NotoSans-ExtraCondensedSemiBold.ttf"; path = "../../../Downloads/NotoSans-unhinted/NotoSans-ExtraCondensedSemiBold.ttf"; sourceTree = "<group>"; };
		3647FB43263864300079ECB4 /* NotoSans-CondensedLight.ttf */ = {isa = PBXFileReference; lastKnownFileType = file; name = "NotoSans-CondensedLight.ttf"; path = "../../../Downloads/NotoSans-unhinted/NotoSans-CondensedLight.ttf"; sourceTree = "<group>"; };
		3647FB44263864300079ECB4 /* NotoSans-Condensed.ttf */ = {isa = PBXFileReference; lastKnownFileType = file; name = "NotoSans-Condensed.ttf"; path = "../../../Downloads/NotoSans-unhinted/NotoSans-Condensed.ttf"; sourceTree = "<group>"; };
		3647FB45263864300079ECB4 /* NotoSans-LightItalic.ttf */ = {isa = PBXFileReference; lastKnownFileType = file; name = "NotoSans-LightItalic.ttf"; path = "../../../Downloads/NotoSans-unhinted/NotoSans-LightItalic.ttf"; sourceTree = "<group>"; };
		3647FB46263864300079ECB4 /* NotoSans-SemiCondensedLight.ttf */ = {isa = PBXFileReference; lastKnownFileType = file; name = "NotoSans-SemiCondensedLight.ttf"; path = "../../../Downloads/NotoSans-unhinted/NotoSans-SemiCondensedLight.ttf"; sourceTree = "<group>"; };
		3647FB47263864300079ECB4 /* NotoSans-CondensedExtraBold.ttf */ = {isa = PBXFileReference; lastKnownFileType = file; name = "NotoSans-CondensedExtraBold.ttf"; path = "../../../Downloads/NotoSans-unhinted/NotoSans-CondensedExtraBold.ttf"; sourceTree = "<group>"; };
		3647FB48263864300079ECB4 /* NotoSans-ExtraBold.ttf */ = {isa = PBXFileReference; lastKnownFileType = file; name = "NotoSans-ExtraBold.ttf"; path = "../../../Downloads/NotoSans-unhinted/NotoSans-ExtraBold.ttf"; sourceTree = "<group>"; };
		3647FB49263864300079ECB4 /* NotoSans-ExtraLight.ttf */ = {isa = PBXFileReference; lastKnownFileType = file; name = "NotoSans-ExtraLight.ttf"; path = "../../../Downloads/NotoSans-unhinted/NotoSans-ExtraLight.ttf"; sourceTree = "<group>"; };
		3647FB4A263864300079ECB4 /* NotoSans-ExtraCondensedBold.ttf */ = {isa = PBXFileReference; lastKnownFileType = file; name = "NotoSans-ExtraCondensedBold.ttf"; path = "../../../Downloads/NotoSans-unhinted/NotoSans-ExtraCondensedBold.ttf"; sourceTree = "<group>"; };
		3647FB4B263864300079ECB4 /* NotoSans-SemiBoldItalic.ttf */ = {isa = PBXFileReference; lastKnownFileType = file; name = "NotoSans-SemiBoldItalic.ttf"; path = "../../../Downloads/NotoSans-unhinted/NotoSans-SemiBoldItalic.ttf"; sourceTree = "<group>"; };
		3647FB4C263864300079ECB4 /* NotoSans-SemiCondensedSemiBoldItalic.ttf */ = {isa = PBXFileReference; lastKnownFileType = file; name = "NotoSans-SemiCondensedSemiBoldItalic.ttf"; path = "../../../Downloads/NotoSans-unhinted/NotoSans-SemiCondensedSemiBoldItalic.ttf"; sourceTree = "<group>"; };
		3647FB4D263864300079ECB4 /* NotoSans-Light.ttf */ = {isa = PBXFileReference; lastKnownFileType = file; name = "NotoSans-Light.ttf"; path = "../../../Downloads/NotoSans-unhinted/NotoSans-Light.ttf"; sourceTree = "<group>"; };
		368A017F263FE43F00100B01 /* KakaoSDKAuth.framework */ = {isa = PBXFileReference; explicitFileType = wrapper.framework; path = KakaoSDKAuth.framework; sourceTree = BUILT_PRODUCTS_DIR; };
		368A0199263FE4A300100B01 /* Pods_Awesome.framework */ = {isa = PBXFileReference; explicitFileType = wrapper.framework; path = Pods_Awesome.framework; sourceTree = BUILT_PRODUCTS_DIR; };
		3698A9372637173C0082B4AB /* LoginCheckViewController.swift */ = {isa = PBXFileReference; lastKnownFileType = sourcecode.swift; path = LoginCheckViewController.swift; sourceTree = "<group>"; };
		36AA7C24263A97080084DD9C /* AlertViewController.swift */ = {isa = PBXFileReference; lastKnownFileType = sourcecode.swift; path = AlertViewController.swift; sourceTree = "<group>"; };
		36DE494D263EA88E00AE02DA /* MainTableViewCell.swift */ = {isa = PBXFileReference; lastKnownFileType = sourcecode.swift; path = MainTableViewCell.swift; sourceTree = "<group>"; };
		3EC58C65B4D2C1E901AE56FF /* Pods_Awesome_AwesomeUITests.framework */ = {isa = PBXFileReference; explicitFileType = wrapper.framework; includeInIndex = 0; path = Pods_Awesome_AwesomeUITests.framework; sourceTree = BUILT_PRODUCTS_DIR; };
		55B756FBBCB3DDEEBB6AB2F9 /* Pods-Awesome-AwesomeUITests.debug.xcconfig */ = {isa = PBXFileReference; includeInIndex = 1; lastKnownFileType = text.xcconfig; name = "Pods-Awesome-AwesomeUITests.debug.xcconfig"; path = "Target Support Files/Pods-Awesome-AwesomeUITests/Pods-Awesome-AwesomeUITests.debug.xcconfig"; sourceTree = "<group>"; };
		8D8D97C611EE375C2F780B4C /* Pods-AwesomeTests.debug.xcconfig */ = {isa = PBXFileReference; includeInIndex = 1; lastKnownFileType = text.xcconfig; name = "Pods-AwesomeTests.debug.xcconfig"; path = "Target Support Files/Pods-AwesomeTests/Pods-AwesomeTests.debug.xcconfig"; sourceTree = "<group>"; };
		90268F6CF83216F1FB6D1D8E /* Pods_AwesomeTests.framework */ = {isa = PBXFileReference; explicitFileType = wrapper.framework; includeInIndex = 0; path = Pods_AwesomeTests.framework; sourceTree = BUILT_PRODUCTS_DIR; };
		B68A884E6056F305C32F4C5F /* Pods-AwesomeTests.release.xcconfig */ = {isa = PBXFileReference; includeInIndex = 1; lastKnownFileType = text.xcconfig; name = "Pods-AwesomeTests.release.xcconfig"; path = "Target Support Files/Pods-AwesomeTests/Pods-AwesomeTests.release.xcconfig"; sourceTree = "<group>"; };
		B91A4884C6FC9D174DAC19D4 /* Pods-Awesome-AwesomeUITests.release.xcconfig */ = {isa = PBXFileReference; includeInIndex = 1; lastKnownFileType = text.xcconfig; name = "Pods-Awesome-AwesomeUITests.release.xcconfig"; path = "Target Support Files/Pods-Awesome-AwesomeUITests/Pods-Awesome-AwesomeUITests.release.xcconfig"; sourceTree = "<group>"; };
/* End PBXFileReference section */

/* Begin PBXFrameworksBuildPhase section */
		36419D952636E4630067C89D /* Frameworks */ = {
			isa = PBXFrameworksBuildPhase;
			buildActionMask = 2147483647;
			files = (
				368A019A263FE4A300100B01 /* Pods_Awesome.framework in Frameworks */,
				363ED88A263FE716005475A1 /* FSCalendar.framework in Frameworks */,
			);
			runOnlyForDeploymentPostprocessing = 0;
		};
		36419DAB2636E4630067C89D /* Frameworks */ = {
			isa = PBXFrameworksBuildPhase;
			buildActionMask = 2147483647;
			files = (
				DF249DDB2916792A2177BD18 /* Pods_AwesomeTests.framework in Frameworks */,
			);
			runOnlyForDeploymentPostprocessing = 0;
		};
		36419DB62636E4630067C89D /* Frameworks */ = {
			isa = PBXFrameworksBuildPhase;
			buildActionMask = 2147483647;
			files = (
				9E0872A5499569DCC8C4A9FE /* Pods_Awesome_AwesomeUITests.framework in Frameworks */,
			);
			runOnlyForDeploymentPostprocessing = 0;
		};
/* End PBXFrameworksBuildPhase section */

/* Begin PBXGroup section */
		36419D8F2636E4620067C89D = {
			isa = PBXGroup;
			children = (
				36419D9A2636E4630067C89D /* Awesome */,
				36419DB12636E4630067C89D /* AwesomeTests */,
				36419DBC2636E4630067C89D /* AwesomeUITests */,
				36419D992636E4630067C89D /* Products */,
				764DE9A4A469E22B2855F311 /* Frameworks */,
				A6EC8831195C19B0E07F4194 /* Pods */,
			);
			sourceTree = "<group>";
		};
		36419D992636E4630067C89D /* Products */ = {
			isa = PBXGroup;
			children = (
				36419D982636E4630067C89D /* Awesome.app */,
				36419DAE2636E4630067C89D /* AwesomeTests.xctest */,
				36419DB92636E4630067C89D /* AwesomeUITests.xctest */,
			);
			name = Products;
			sourceTree = "<group>";
		};
		36419D9A2636E4630067C89D /* Awesome */ = {
			isa = PBXGroup;
			children = (
				36419D9B2636E4630067C89D /* AppDelegate.swift */,
				36419D9D2636E4630067C89D /* SceneDelegate.swift */,
				36419D9F2636E4630067C89D /* ViewController.swift */,
				36419DA12636E4630067C89D /* Main.storyboard */,
				3698A9372637173C0082B4AB /* LoginCheckViewController.swift */,
				36419DEC2636ECBC0067C89D /* LoginViewController.swift */,
				36174C7C26382F0C00E8A0CD /* SettingViewController.swift */,
				36AA7C24263A97080084DD9C /* AlertViewController.swift */,
				36DE494D263EA88E00AE02DA /* MainTableViewCell.swift */,
				36340BEF263FC5AA0089BC15 /* CallendarViewController.swift */,
				36419DA42636E4630067C89D /* Assets.xcassets */,
				36419DA62636E4630067C89D /* LaunchScreen.storyboard */,
				36419DA92636E4630067C89D /* Info.plist */,
				3647FB05263864140079ECB4 /* font */,
				3628EE4B263EB59F0042A9B5 /* dummy.swift */,
			);
			path = Awesome;
			sourceTree = "<group>";
		};
		36419DB12636E4630067C89D /* AwesomeTests */ = {
			isa = PBXGroup;
			children = (
				36419DB22636E4630067C89D /* AwesomeTests.swift */,
				36419DB42636E4630067C89D /* Info.plist */,
			);
			path = AwesomeTests;
			sourceTree = "<group>";
		};
		36419DBC2636E4630067C89D /* AwesomeUITests */ = {
			isa = PBXGroup;
			children = (
				36419DBD2636E4630067C89D /* AwesomeUITests.swift */,
				36419DBF2636E4630067C89D /* Info.plist */,
			);
			path = AwesomeUITests;
			sourceTree = "<group>";
		};
		3647FB05263864140079ECB4 /* font */ = {
			isa = PBXGroup;
			children = (
				3647FB0C2638642F0079ECB4 /* NotoSans-Black.ttf */,
				3647FB282638642F0079ECB4 /* NotoSans-BlackItalic.ttf */,
				3647FB1E2638642F0079ECB4 /* NotoSans-Bold.ttf */,
				3647FB372638642F0079ECB4 /* NotoSans-BoldItalic.ttf */,
				3647FB44263864300079ECB4 /* NotoSans-Condensed.ttf */,
				3647FB162638642F0079ECB4 /* NotoSans-CondensedBlack.ttf */,
				3647FB0E2638642F0079ECB4 /* NotoSans-CondensedBlackItalic.ttf */,
				3647FB322638642F0079ECB4 /* NotoSans-CondensedBold.ttf */,
				3647FB082638642F0079ECB4 /* NotoSans-CondensedBoldItalic.ttf */,
				3647FB47263864300079ECB4 /* NotoSans-CondensedExtraBold.ttf */,
				3647FB0A2638642F0079ECB4 /* NotoSans-CondensedExtraBoldItalic.ttf */,
				3647FB332638642F0079ECB4 /* NotoSans-CondensedExtraLight.ttf */,
				3647FB0F2638642F0079ECB4 /* NotoSans-CondensedExtraLightItalic.ttf */,
				3647FB392638642F0079ECB4 /* NotoSans-CondensedItalic.ttf */,
				3647FB43263864300079ECB4 /* NotoSans-CondensedLight.ttf */,
				3647FB242638642F0079ECB4 /* NotoSans-CondensedLightItalic.ttf */,
				3647FB362638642F0079ECB4 /* NotoSans-CondensedMedium.ttf */,
				3647FB302638642F0079ECB4 /* NotoSans-CondensedMediumItalic.ttf */,
				3647FB172638642F0079ECB4 /* NotoSans-CondensedSemiBold.ttf */,
				3647FB0D2638642F0079ECB4 /* NotoSans-CondensedSemiBoldItalic.ttf */,
				3647FB2F2638642F0079ECB4 /* NotoSans-CondensedThin.ttf */,
				3647FB2E2638642F0079ECB4 /* NotoSans-CondensedThinItalic.ttf */,
				3647FB48263864300079ECB4 /* NotoSans-ExtraBold.ttf */,
				3647FB412638642F0079ECB4 /* NotoSans-ExtraBoldItalic.ttf */,
				3647FB352638642F0079ECB4 /* NotoSans-ExtraCondensed.ttf */,
				3647FB1D2638642F0079ECB4 /* NotoSans-ExtraCondensedBlack.ttf */,
				3647FB202638642F0079ECB4 /* NotoSans-ExtraCondensedBlackItalic.ttf */,
				3647FB4A263864300079ECB4 /* NotoSans-ExtraCondensedBold.ttf */,
				3647FB152638642F0079ECB4 /* NotoSans-ExtraCondensedBoldItalic.ttf */,
				3647FB222638642F0079ECB4 /* NotoSans-ExtraCondensedExtraBold.ttf */,
				3647FB1A2638642F0079ECB4 /* NotoSans-ExtraCondensedExtraBoldItalic.ttf */,
				3647FB1C2638642F0079ECB4 /* NotoSans-ExtraCondensedExtraLight.ttf */,
				3647FB1B2638642F0079ECB4 /* NotoSans-ExtraCondensedExtraLightItalic.ttf */,
				3647FB2A2638642F0079ECB4 /* NotoSans-ExtraCondensedItalic.ttf */,
				3647FB3A2638642F0079ECB4 /* NotoSans-ExtraCondensedLight.ttf */,
				3647FB102638642F0079ECB4 /* NotoSans-ExtraCondensedLightItalic.ttf */,
				3647FB2D2638642F0079ECB4 /* NotoSans-ExtraCondensedMedium.ttf */,
				3647FB062638642F0079ECB4 /* NotoSans-ExtraCondensedMediumItalic.ttf */,
				3647FB422638642F0079ECB4 /* NotoSans-ExtraCondensedSemiBold.ttf */,
				3647FB3F2638642F0079ECB4 /* NotoSans-ExtraCondensedSemiBoldItalic.ttf */,
				3647FB312638642F0079ECB4 /* NotoSans-ExtraCondensedThin.ttf */,
				3647FB272638642F0079ECB4 /* NotoSans-ExtraCondensedThinItalic.ttf */,
				3647FB49263864300079ECB4 /* NotoSans-ExtraLight.ttf */,
				3647FB402638642F0079ECB4 /* NotoSans-ExtraLightItalic.ttf */,
				3647FB342638642F0079ECB4 /* NotoSans-Italic.ttf */,
				3647FB4D263864300079ECB4 /* NotoSans-Light.ttf */,
				3647FB45263864300079ECB4 /* NotoSans-LightItalic.ttf */,
				3647FB092638642F0079ECB4 /* NotoSans-Medium.ttf */,
				3647FB3B2638642F0079ECB4 /* NotoSans-MediumItalic.ttf */,
				3647FB382638642F0079ECB4 /* NotoSans-Regular.ttf */,
				3647FB3D2638642F0079ECB4 /* NotoSans-SemiBold.ttf */,
				3647FB4B263864300079ECB4 /* NotoSans-SemiBoldItalic.ttf */,
				3647FB142638642F0079ECB4 /* NotoSans-SemiCondensed.ttf */,
				3647FB122638642F0079ECB4 /* NotoSans-SemiCondensedBlack.ttf */,
				3647FB292638642F0079ECB4 /* NotoSans-SemiCondensedBlackItalic.ttf */,
				3647FB212638642F0079ECB4 /* NotoSans-SemiCondensedBold.ttf */,
				3647FB2B2638642F0079ECB4 /* NotoSans-SemiCondensedBoldItalic.ttf */,
				3647FB262638642F0079ECB4 /* NotoSans-SemiCondensedExtraBold.ttf */,
				3647FB3C2638642F0079ECB4 /* NotoSans-SemiCondensedExtraBoldItalic.ttf */,
				3647FB132638642F0079ECB4 /* NotoSans-SemiCondensedExtraLight.ttf */,
				3647FB3E2638642F0079ECB4 /* NotoSans-SemiCondensedExtraLightItalic.ttf */,
				3647FB1F2638642F0079ECB4 /* NotoSans-SemiCondensedItalic.ttf */,
				3647FB46263864300079ECB4 /* NotoSans-SemiCondensedLight.ttf */,
				3647FB232638642F0079ECB4 /* NotoSans-SemiCondensedLightItalic.ttf */,
				3647FB182638642F0079ECB4 /* NotoSans-SemiCondensedMedium.ttf */,
				3647FB2C2638642F0079ECB4 /* NotoSans-SemiCondensedMediumItalic.ttf */,
				3647FB0B2638642F0079ECB4 /* NotoSans-SemiCondensedSemiBold.ttf */,
				3647FB4C263864300079ECB4 /* NotoSans-SemiCondensedSemiBoldItalic.ttf */,
				3647FB252638642F0079ECB4 /* NotoSans-SemiCondensedThin.ttf */,
				3647FB192638642F0079ECB4 /* NotoSans-SemiCondensedThinItalic.ttf */,
				3647FB072638642F0079ECB4 /* NotoSans-Thin.ttf */,
				3647FB112638642F0079ECB4 /* NotoSans-ThinItalic.ttf */,
			);
			name = font;
			path = ..;
			sourceTree = "<group>";
		};
		764DE9A4A469E22B2855F311 /* Frameworks */ = {
			isa = PBXGroup;
			children = (
				363ED889263FE716005475A1 /* FSCalendar.framework */,
				368A0199263FE4A300100B01 /* Pods_Awesome.framework */,
				368A017F263FE43F00100B01 /* KakaoSDKAuth.framework */,
				0D61D0D9D87BDCB3EB0FB8EA /* Pods_Awesome.framework */,
				3EC58C65B4D2C1E901AE56FF /* Pods_Awesome_AwesomeUITests.framework */,
				90268F6CF83216F1FB6D1D8E /* Pods_AwesomeTests.framework */,
			);
			name = Frameworks;
			sourceTree = "<group>";
		};
		A6EC8831195C19B0E07F4194 /* Pods */ = {
			isa = PBXGroup;
			children = (
				24FF705C2CDEF7B9F86FD044 /* Pods-Awesome.debug.xcconfig */,
				354134F2488BCD2E0A188529 /* Pods-Awesome.release.xcconfig */,
				55B756FBBCB3DDEEBB6AB2F9 /* Pods-Awesome-AwesomeUITests.debug.xcconfig */,
				B91A4884C6FC9D174DAC19D4 /* Pods-Awesome-AwesomeUITests.release.xcconfig */,
				8D8D97C611EE375C2F780B4C /* Pods-AwesomeTests.debug.xcconfig */,
				B68A884E6056F305C32F4C5F /* Pods-AwesomeTests.release.xcconfig */,
			);
			path = Pods;
			sourceTree = "<group>";
		};
/* End PBXGroup section */

/* Begin PBXNativeTarget section */
		36419D972636E4630067C89D /* Awesome */ = {
			isa = PBXNativeTarget;
			buildConfigurationList = 36419DC22636E4630067C89D /* Build configuration list for PBXNativeTarget "Awesome" */;
			buildPhases = (
				47CB051550E0641E51B4D4A3 /* [CP] Check Pods Manifest.lock */,
				36419D942636E4630067C89D /* Sources */,
				36419D952636E4630067C89D /* Frameworks */,
				36419D962636E4630067C89D /* Resources */,
				F5E22AA0541B690ECFE593EC /* [CP] Embed Pods Frameworks */,
				368A019C263FE4A300100B01 /* Embed Frameworks */,
			);
			buildRules = (
			);
			dependencies = (
			);
			name = Awesome;
			productName = Awesome;
			productReference = 36419D982636E4630067C89D /* Awesome.app */;
			productType = "com.apple.product-type.application";
		};
		36419DAD2636E4630067C89D /* AwesomeTests */ = {
			isa = PBXNativeTarget;
			buildConfigurationList = 36419DC52636E4630067C89D /* Build configuration list for PBXNativeTarget "AwesomeTests" */;
			buildPhases = (
				C7DB7D0C2C25684A621FF289 /* [CP] Check Pods Manifest.lock */,
				36419DAA2636E4630067C89D /* Sources */,
				36419DAB2636E4630067C89D /* Frameworks */,
				36419DAC2636E4630067C89D /* Resources */,
			);
			buildRules = (
			);
			dependencies = (
				36419DB02636E4630067C89D /* PBXTargetDependency */,
			);
			name = AwesomeTests;
			productName = AwesomeTests;
			productReference = 36419DAE2636E4630067C89D /* AwesomeTests.xctest */;
			productType = "com.apple.product-type.bundle.unit-test";
		};
		36419DB82636E4630067C89D /* AwesomeUITests */ = {
			isa = PBXNativeTarget;
			buildConfigurationList = 36419DC82636E4630067C89D /* Build configuration list for PBXNativeTarget "AwesomeUITests" */;
			buildPhases = (
				5061AE06FCD90F09B754A4F9 /* [CP] Check Pods Manifest.lock */,
				36419DB52636E4630067C89D /* Sources */,
				36419DB62636E4630067C89D /* Frameworks */,
				36419DB72636E4630067C89D /* Resources */,
				7D62E8E64ACF150845DA1D83 /* [CP] Embed Pods Frameworks */,
			);
			buildRules = (
			);
			dependencies = (
				36419DBB2636E4630067C89D /* PBXTargetDependency */,
			);
			name = AwesomeUITests;
			productName = AwesomeUITests;
			productReference = 36419DB92636E4630067C89D /* AwesomeUITests.xctest */;
			productType = "com.apple.product-type.bundle.ui-testing";
		};
/* End PBXNativeTarget section */

/* Begin PBXProject section */
		36419D902636E4620067C89D /* Project object */ = {
			isa = PBXProject;
			attributes = {
				LastSwiftUpdateCheck = 1240;
				LastUpgradeCheck = 1240;
				TargetAttributes = {
					36419D972636E4630067C89D = {
						CreatedOnToolsVersion = 12.4;
					};
					36419DAD2636E4630067C89D = {
						CreatedOnToolsVersion = 12.4;
						TestTargetID = 36419D972636E4630067C89D;
					};
					36419DB82636E4630067C89D = {
						CreatedOnToolsVersion = 12.4;
						TestTargetID = 36419D972636E4630067C89D;
					};
				};
			};
			buildConfigurationList = 36419D932636E4630067C89D /* Build configuration list for PBXProject "Awesome" */;
			compatibilityVersion = "Xcode 9.3";
			developmentRegion = en;
			hasScannedForEncodings = 0;
			knownRegions = (
				en,
				Base,
			);
			mainGroup = 36419D8F2636E4620067C89D;
			productRefGroup = 36419D992636E4630067C89D /* Products */;
			projectDirPath = "";
			projectRoot = "";
			targets = (
				36419D972636E4630067C89D /* Awesome */,
				36419DAD2636E4630067C89D /* AwesomeTests */,
				36419DB82636E4630067C89D /* AwesomeUITests */,
			);
		};
/* End PBXProject section */

/* Begin PBXResourcesBuildPhase section */
		36419D962636E4630067C89D /* Resources */ = {
			isa = PBXResourcesBuildPhase;
			buildActionMask = 2147483647;
			files = (
				3647FB80263864300079ECB4 /* NotoSans-Regular.ttf in Resources */,
				3647FB50263864300079ECB4 /* NotoSans-CondensedBoldItalic.ttf in Resources */,
				3647FB5F263864300079ECB4 /* NotoSans-CondensedSemiBold.ttf in Resources */,
				3647FB88263864300079ECB4 /* NotoSans-ExtraLightItalic.ttf in Resources */,
				3647FB6D263864300079ECB4 /* NotoSans-SemiCondensedThin.ttf in Resources */,
				3647FB63263864300079ECB4 /* NotoSans-ExtraCondensedExtraLightItalic.ttf in Resources */,
				3647FB57263864300079ECB4 /* NotoSans-CondensedExtraLightItalic.ttf in Resources */,
				3647FB6B263864300079ECB4 /* NotoSans-SemiCondensedLightItalic.ttf in Resources */,
				3647FB54263864300079ECB4 /* NotoSans-Black.ttf in Resources */,
				3647FB61263864300079ECB4 /* NotoSans-SemiCondensedThinItalic.ttf in Resources */,
				3647FB91263864300079ECB4 /* NotoSans-ExtraLight.ttf in Resources */,
				3647FB95263864300079ECB4 /* NotoSans-Light.ttf in Resources */,
				3647FB55263864300079ECB4 /* NotoSans-CondensedSemiBoldItalic.ttf in Resources */,
				3647FB70263864300079ECB4 /* NotoSans-BlackItalic.ttf in Resources */,
				3647FB7E263864300079ECB4 /* NotoSans-CondensedMedium.ttf in Resources */,
				3647FB56263864300079ECB4 /* NotoSans-CondensedBlackItalic.ttf in Resources */,
				3647FB5D263864300079ECB4 /* NotoSans-ExtraCondensedBoldItalic.ttf in Resources */,
				3647FB76263864300079ECB4 /* NotoSans-CondensedThinItalic.ttf in Resources */,
				3647FB86263864300079ECB4 /* NotoSans-SemiCondensedExtraLightItalic.ttf in Resources */,
				3647FB72263864300079ECB4 /* NotoSans-ExtraCondensedItalic.ttf in Resources */,
				3647FB8D263864300079ECB4 /* NotoSans-LightItalic.ttf in Resources */,
				3647FB5B263864300079ECB4 /* NotoSans-SemiCondensedExtraLight.ttf in Resources */,
				3647FB8C263864300079ECB4 /* NotoSans-Condensed.ttf in Resources */,
				3647FB83263864300079ECB4 /* NotoSans-MediumItalic.ttf in Resources */,
				3647FB7B263864300079ECB4 /* NotoSans-CondensedExtraLight.ttf in Resources */,
				3647FB65263864300079ECB4 /* NotoSans-ExtraCondensedBlack.ttf in Resources */,
				3647FB52263864300079ECB4 /* NotoSans-CondensedExtraBoldItalic.ttf in Resources */,
				3647FB62263864300079ECB4 /* NotoSans-ExtraCondensedExtraBoldItalic.ttf in Resources */,
				3647FB64263864300079ECB4 /* NotoSans-ExtraCondensedExtraLight.ttf in Resources */,
				3647FB87263864300079ECB4 /* NotoSans-ExtraCondensedSemiBoldItalic.ttf in Resources */,
				36419DA82636E4630067C89D /* LaunchScreen.storyboard in Resources */,
				3647FB59263864300079ECB4 /* NotoSans-ThinItalic.ttf in Resources */,
				3647FB69263864300079ECB4 /* NotoSans-SemiCondensedBold.ttf in Resources */,
				3647FB7D263864300079ECB4 /* NotoSans-ExtraCondensed.ttf in Resources */,
				3647FB82263864300079ECB4 /* NotoSans-ExtraCondensedLight.ttf in Resources */,
				3647FB8A263864300079ECB4 /* NotoSans-ExtraCondensedSemiBold.ttf in Resources */,
				3647FB6E263864300079ECB4 /* NotoSans-SemiCondensedExtraBold.ttf in Resources */,
				3647FB73263864300079ECB4 /* NotoSans-SemiCondensedBoldItalic.ttf in Resources */,
				3647FB8B263864300079ECB4 /* NotoSans-CondensedLight.ttf in Resources */,
				3647FB7F263864300079ECB4 /* NotoSans-BoldItalic.ttf in Resources */,
				3647FB8E263864300079ECB4 /* NotoSans-SemiCondensedLight.ttf in Resources */,
				36419DA52636E4630067C89D /* Assets.xcassets in Resources */,
				3647FB74263864300079ECB4 /* NotoSans-SemiCondensedMediumItalic.ttf in Resources */,
				3647FB78263864300079ECB4 /* NotoSans-CondensedMediumItalic.ttf in Resources */,
				3647FB51263864300079ECB4 /* NotoSans-Medium.ttf in Resources */,
				3647FB7A263864300079ECB4 /* NotoSans-CondensedBold.ttf in Resources */,
				3647FB6C263864300079ECB4 /* NotoSans-CondensedLightItalic.ttf in Resources */,
				3647FB89263864300079ECB4 /* NotoSans-ExtraBoldItalic.ttf in Resources */,
				3647FB84263864300079ECB4 /* NotoSans-SemiCondensedExtraBoldItalic.ttf in Resources */,
				3647FB4F263864300079ECB4 /* NotoSans-Thin.ttf in Resources */,
				3647FB79263864300079ECB4 /* NotoSans-ExtraCondensedThin.ttf in Resources */,
				3647FB8F263864300079ECB4 /* NotoSans-CondensedExtraBold.ttf in Resources */,
				3647FB77263864300079ECB4 /* NotoSans-CondensedThin.ttf in Resources */,
				3647FB71263864300079ECB4 /* NotoSans-SemiCondensedBlackItalic.ttf in Resources */,
				3647FB81263864300079ECB4 /* NotoSans-CondensedItalic.ttf in Resources */,
				3647FB7C263864300079ECB4 /* NotoSans-Italic.ttf in Resources */,
				3647FB60263864300079ECB4 /* NotoSans-SemiCondensedMedium.ttf in Resources */,
				3647FB68263864300079ECB4 /* NotoSans-ExtraCondensedBlackItalic.ttf in Resources */,
				3647FB5A263864300079ECB4 /* NotoSans-SemiCondensedBlack.ttf in Resources */,
				3647FB67263864300079ECB4 /* NotoSans-SemiCondensedItalic.ttf in Resources */,
				3647FB5C263864300079ECB4 /* NotoSans-SemiCondensed.ttf in Resources */,
				36419DA32636E4630067C89D /* Main.storyboard in Resources */,
				3647FB92263864300079ECB4 /* NotoSans-ExtraCondensedBold.ttf in Resources */,
				3647FB58263864300079ECB4 /* NotoSans-ExtraCondensedLightItalic.ttf in Resources */,
				3647FB6F263864300079ECB4 /* NotoSans-ExtraCondensedThinItalic.ttf in Resources */,
				3647FB66263864300079ECB4 /* NotoSans-Bold.ttf in Resources */,
				3647FB90263864300079ECB4 /* NotoSans-ExtraBold.ttf in Resources */,
				3647FB85263864300079ECB4 /* NotoSans-SemiBold.ttf in Resources */,
				3647FB93263864300079ECB4 /* NotoSans-SemiBoldItalic.ttf in Resources */,
				3647FB5E263864300079ECB4 /* NotoSans-CondensedBlack.ttf in Resources */,
				3647FB75263864300079ECB4 /* NotoSans-ExtraCondensedMedium.ttf in Resources */,
				3647FB94263864300079ECB4 /* NotoSans-SemiCondensedSemiBoldItalic.ttf in Resources */,
				3647FB53263864300079ECB4 /* NotoSans-SemiCondensedSemiBold.ttf in Resources */,
				3647FB6A263864300079ECB4 /* NotoSans-ExtraCondensedExtraBold.ttf in Resources */,
				3647FB4E263864300079ECB4 /* NotoSans-ExtraCondensedMediumItalic.ttf in Resources */,
			);
			runOnlyForDeploymentPostprocessing = 0;
		};
		36419DAC2636E4630067C89D /* Resources */ = {
			isa = PBXResourcesBuildPhase;
			buildActionMask = 2147483647;
			files = (
			);
			runOnlyForDeploymentPostprocessing = 0;
		};
		36419DB72636E4630067C89D /* Resources */ = {
			isa = PBXResourcesBuildPhase;
			buildActionMask = 2147483647;
			files = (
			);
			runOnlyForDeploymentPostprocessing = 0;
		};
/* End PBXResourcesBuildPhase section */

/* Begin PBXShellScriptBuildPhase section */
		47CB051550E0641E51B4D4A3 /* [CP] Check Pods Manifest.lock */ = {
			isa = PBXShellScriptBuildPhase;
			buildActionMask = 2147483647;
			files = (
			);
			inputFileListPaths = (
			);
			inputPaths = (
				"${PODS_PODFILE_DIR_PATH}/Podfile.lock",
				"${PODS_ROOT}/Manifest.lock",
			);
			name = "[CP] Check Pods Manifest.lock";
			outputFileListPaths = (
			);
			outputPaths = (
				"$(DERIVED_FILE_DIR)/Pods-Awesome-checkManifestLockResult.txt",
			);
			runOnlyForDeploymentPostprocessing = 0;
			shellPath = /bin/sh;
			shellScript = "diff \"${PODS_PODFILE_DIR_PATH}/Podfile.lock\" \"${PODS_ROOT}/Manifest.lock\" > /dev/null\nif [ $? != 0 ] ; then\n    # print error to STDERR\n    echo \"error: The sandbox is not in sync with the Podfile.lock. Run 'pod install' or update your CocoaPods installation.\" >&2\n    exit 1\nfi\n# This output is used by Xcode 'outputs' to avoid re-running this script phase.\necho \"SUCCESS\" > \"${SCRIPT_OUTPUT_FILE_0}\"\n";
			showEnvVarsInLog = 0;
		};
		5061AE06FCD90F09B754A4F9 /* [CP] Check Pods Manifest.lock */ = {
			isa = PBXShellScriptBuildPhase;
			buildActionMask = 2147483647;
			files = (
			);
			inputFileListPaths = (
			);
			inputPaths = (
				"${PODS_PODFILE_DIR_PATH}/Podfile.lock",
				"${PODS_ROOT}/Manifest.lock",
			);
			name = "[CP] Check Pods Manifest.lock";
			outputFileListPaths = (
			);
			outputPaths = (
				"$(DERIVED_FILE_DIR)/Pods-Awesome-AwesomeUITests-checkManifestLockResult.txt",
			);
			runOnlyForDeploymentPostprocessing = 0;
			shellPath = /bin/sh;
			shellScript = "diff \"${PODS_PODFILE_DIR_PATH}/Podfile.lock\" \"${PODS_ROOT}/Manifest.lock\" > /dev/null\nif [ $? != 0 ] ; then\n    # print error to STDERR\n    echo \"error: The sandbox is not in sync with the Podfile.lock. Run 'pod install' or update your CocoaPods installation.\" >&2\n    exit 1\nfi\n# This output is used by Xcode 'outputs' to avoid re-running this script phase.\necho \"SUCCESS\" > \"${SCRIPT_OUTPUT_FILE_0}\"\n";
			showEnvVarsInLog = 0;
		};
		7D62E8E64ACF150845DA1D83 /* [CP] Embed Pods Frameworks */ = {
			isa = PBXShellScriptBuildPhase;
			buildActionMask = 2147483647;
			files = (
			);
			inputFileListPaths = (
				"${PODS_ROOT}/Target Support Files/Pods-Awesome-AwesomeUITests/Pods-Awesome-AwesomeUITests-frameworks-${CONFIGURATION}-input-files.xcfilelist",
			);
			name = "[CP] Embed Pods Frameworks";
			outputFileListPaths = (
				"${PODS_ROOT}/Target Support Files/Pods-Awesome-AwesomeUITests/Pods-Awesome-AwesomeUITests-frameworks-${CONFIGURATION}-output-files.xcfilelist",
			);
			runOnlyForDeploymentPostprocessing = 0;
			shellPath = /bin/sh;
			shellScript = "\"${PODS_ROOT}/Target Support Files/Pods-Awesome-AwesomeUITests/Pods-Awesome-AwesomeUITests-frameworks.sh\"\n";
			showEnvVarsInLog = 0;
		};
		C7DB7D0C2C25684A621FF289 /* [CP] Check Pods Manifest.lock */ = {
			isa = PBXShellScriptBuildPhase;
			buildActionMask = 2147483647;
			files = (
			);
			inputFileListPaths = (
			);
			inputPaths = (
				"${PODS_PODFILE_DIR_PATH}/Podfile.lock",
				"${PODS_ROOT}/Manifest.lock",
			);
			name = "[CP] Check Pods Manifest.lock";
			outputFileListPaths = (
			);
			outputPaths = (
				"$(DERIVED_FILE_DIR)/Pods-AwesomeTests-checkManifestLockResult.txt",
			);
			runOnlyForDeploymentPostprocessing = 0;
			shellPath = /bin/sh;
			shellScript = "diff \"${PODS_PODFILE_DIR_PATH}/Podfile.lock\" \"${PODS_ROOT}/Manifest.lock\" > /dev/null\nif [ $? != 0 ] ; then\n    # print error to STDERR\n    echo \"error: The sandbox is not in sync with the Podfile.lock. Run 'pod install' or update your CocoaPods installation.\" >&2\n    exit 1\nfi\n# This output is used by Xcode 'outputs' to avoid re-running this script phase.\necho \"SUCCESS\" > \"${SCRIPT_OUTPUT_FILE_0}\"\n";
			showEnvVarsInLog = 0;
		};
		F5E22AA0541B690ECFE593EC /* [CP] Embed Pods Frameworks */ = {
			isa = PBXShellScriptBuildPhase;
			buildActionMask = 12;
			files = (
			);
			inputFileListPaths = (
				"${PODS_ROOT}/Target Support Files/Pods-Awesome/Pods-Awesome-frameworks-${CONFIGURATION}-input-files.xcfilelist",
			);
			name = "[CP] Embed Pods Frameworks";
			outputFileListPaths = (
				"${PODS_ROOT}/Target Support Files/Pods-Awesome/Pods-Awesome-frameworks-${CONFIGURATION}-output-files.xcfilelist",
			);
			runOnlyForDeploymentPostprocessing = 0;
			shellPath = /bin/sh;
			shellScript = "\"${PODS_ROOT}/Target Support Files/Pods-Awesome/Pods-Awesome-frameworks.sh\"\n";
			showEnvVarsInLog = 0;
		};
/* End PBXShellScriptBuildPhase section */

/* Begin PBXSourcesBuildPhase section */
		36419D942636E4630067C89D /* Sources */ = {
			isa = PBXSourcesBuildPhase;
			buildActionMask = 2147483647;
			files = (
				36419DED2636ECBC0067C89D /* LoginViewController.swift in Sources */,
				36340BF0263FC5AA0089BC15 /* CallendarViewController.swift in Sources */,
				36AA7C25263A97080084DD9C /* AlertViewController.swift in Sources */,
				36DE494E263EA88E00AE02DA /* MainTableViewCell.swift in Sources */,
				36419DA02636E4630067C89D /* ViewController.swift in Sources */,
				36419D9C2636E4630067C89D /* AppDelegate.swift in Sources */,
				36419D9E2636E4630067C89D /* SceneDelegate.swift in Sources */,
				3698A9382637173C0082B4AB /* LoginCheckViewController.swift in Sources */,
				3628EE4C263EB59F0042A9B5 /* dummy.swift in Sources */,
				36174C7D26382F0C00E8A0CD /* SettingViewController.swift in Sources */,
			);
			runOnlyForDeploymentPostprocessing = 0;
		};
		36419DAA2636E4630067C89D /* Sources */ = {
			isa = PBXSourcesBuildPhase;
			buildActionMask = 2147483647;
			files = (
				36419DB32636E4630067C89D /* AwesomeTests.swift in Sources */,
			);
			runOnlyForDeploymentPostprocessing = 0;
		};
		36419DB52636E4630067C89D /* Sources */ = {
			isa = PBXSourcesBuildPhase;
			buildActionMask = 2147483647;
			files = (
				36419DBE2636E4630067C89D /* AwesomeUITests.swift in Sources */,
			);
			runOnlyForDeploymentPostprocessing = 0;
		};
/* End PBXSourcesBuildPhase section */

/* Begin PBXTargetDependency section */
		36419DB02636E4630067C89D /* PBXTargetDependency */ = {
			isa = PBXTargetDependency;
			target = 36419D972636E4630067C89D /* Awesome */;
			targetProxy = 36419DAF2636E4630067C89D /* PBXContainerItemProxy */;
		};
		36419DBB2636E4630067C89D /* PBXTargetDependency */ = {
			isa = PBXTargetDependency;
			target = 36419D972636E4630067C89D /* Awesome */;
			targetProxy = 36419DBA2636E4630067C89D /* PBXContainerItemProxy */;
		};
/* End PBXTargetDependency section */

/* Begin PBXVariantGroup section */
		36419DA12636E4630067C89D /* Main.storyboard */ = {
			isa = PBXVariantGroup;
			children = (
				36419DA22636E4630067C89D /* Base */,
			);
			name = Main.storyboard;
			sourceTree = "<group>";
		};
		36419DA62636E4630067C89D /* LaunchScreen.storyboard */ = {
			isa = PBXVariantGroup;
			children = (
				36419DA72636E4630067C89D /* Base */,
			);
			name = LaunchScreen.storyboard;
			sourceTree = "<group>";
		};
/* End PBXVariantGroup section */

/* Begin XCBuildConfiguration section */
		36419DC02636E4630067C89D /* Debug */ = {
			isa = XCBuildConfiguration;
			buildSettings = {
				ALWAYS_SEARCH_USER_PATHS = NO;
				CLANG_ANALYZER_NONNULL = YES;
				CLANG_ANALYZER_NUMBER_OBJECT_CONVERSION = YES_AGGRESSIVE;
				CLANG_CXX_LANGUAGE_STANDARD = "gnu++14";
				CLANG_CXX_LIBRARY = "libc++";
				CLANG_ENABLE_MODULES = YES;
				CLANG_ENABLE_OBJC_ARC = YES;
				CLANG_ENABLE_OBJC_WEAK = YES;
				CLANG_WARN_BLOCK_CAPTURE_AUTORELEASING = YES;
				CLANG_WARN_BOOL_CONVERSION = YES;
				CLANG_WARN_COMMA = YES;
				CLANG_WARN_CONSTANT_CONVERSION = YES;
				CLANG_WARN_DEPRECATED_OBJC_IMPLEMENTATIONS = YES;
				CLANG_WARN_DIRECT_OBJC_ISA_USAGE = YES_ERROR;
				CLANG_WARN_DOCUMENTATION_COMMENTS = YES;
				CLANG_WARN_EMPTY_BODY = YES;
				CLANG_WARN_ENUM_CONVERSION = YES;
				CLANG_WARN_INFINITE_RECURSION = YES;
				CLANG_WARN_INT_CONVERSION = YES;
				CLANG_WARN_NON_LITERAL_NULL_CONVERSION = YES;
				CLANG_WARN_OBJC_IMPLICIT_RETAIN_SELF = YES;
				CLANG_WARN_OBJC_LITERAL_CONVERSION = YES;
				CLANG_WARN_OBJC_ROOT_CLASS = YES_ERROR;
				CLANG_WARN_QUOTED_INCLUDE_IN_FRAMEWORK_HEADER = YES;
				CLANG_WARN_RANGE_LOOP_ANALYSIS = YES;
				CLANG_WARN_STRICT_PROTOTYPES = YES;
				CLANG_WARN_SUSPICIOUS_MOVE = YES;
				CLANG_WARN_UNGUARDED_AVAILABILITY = YES_AGGRESSIVE;
				CLANG_WARN_UNREACHABLE_CODE = YES;
				CLANG_WARN__DUPLICATE_METHOD_MATCH = YES;
				COPY_PHASE_STRIP = NO;
				DEBUG_INFORMATION_FORMAT = dwarf;
				ENABLE_STRICT_OBJC_MSGSEND = YES;
				ENABLE_TESTABILITY = YES;
				GCC_C_LANGUAGE_STANDARD = gnu11;
				GCC_DYNAMIC_NO_PIC = NO;
				GCC_NO_COMMON_BLOCKS = YES;
				GCC_OPTIMIZATION_LEVEL = 0;
				GCC_PREPROCESSOR_DEFINITIONS = (
					"DEBUG=1",
					"$(inherited)",
				);
				GCC_WARN_64_TO_32_BIT_CONVERSION = YES;
				GCC_WARN_ABOUT_RETURN_TYPE = YES_ERROR;
				GCC_WARN_UNDECLARED_SELECTOR = YES;
				GCC_WARN_UNINITIALIZED_AUTOS = YES_AGGRESSIVE;
				GCC_WARN_UNUSED_FUNCTION = YES;
				GCC_WARN_UNUSED_VARIABLE = YES;
				IPHONEOS_DEPLOYMENT_TARGET = 14.4;
				MTL_ENABLE_DEBUG_INFO = INCLUDE_SOURCE;
				MTL_FAST_MATH = YES;
				ONLY_ACTIVE_ARCH = YES;
				OTHER_LDFLAGS = "-all_Load";
				SDKROOT = iphoneos;
				SWIFT_ACTIVE_COMPILATION_CONDITIONS = DEBUG;
				SWIFT_OBJC_BRIDGING_HEADER = "./Awesome/KakaoOpenSDK-Bridging-Header.h";
				SWIFT_OPTIMIZATION_LEVEL = "-Onone";
			};
			name = Debug;
		};
		36419DC12636E4630067C89D /* Release */ = {
			isa = XCBuildConfiguration;
			buildSettings = {
				ALWAYS_SEARCH_USER_PATHS = NO;
				CLANG_ANALYZER_NONNULL = YES;
				CLANG_ANALYZER_NUMBER_OBJECT_CONVERSION = YES_AGGRESSIVE;
				CLANG_CXX_LANGUAGE_STANDARD = "gnu++14";
				CLANG_CXX_LIBRARY = "libc++";
				CLANG_ENABLE_MODULES = YES;
				CLANG_ENABLE_OBJC_ARC = YES;
				CLANG_ENABLE_OBJC_WEAK = YES;
				CLANG_WARN_BLOCK_CAPTURE_AUTORELEASING = YES;
				CLANG_WARN_BOOL_CONVERSION = YES;
				CLANG_WARN_COMMA = YES;
				CLANG_WARN_CONSTANT_CONVERSION = YES;
				CLANG_WARN_DEPRECATED_OBJC_IMPLEMENTATIONS = YES;
				CLANG_WARN_DIRECT_OBJC_ISA_USAGE = YES_ERROR;
				CLANG_WARN_DOCUMENTATION_COMMENTS = YES;
				CLANG_WARN_EMPTY_BODY = YES;
				CLANG_WARN_ENUM_CONVERSION = YES;
				CLANG_WARN_INFINITE_RECURSION = YES;
				CLANG_WARN_INT_CONVERSION = YES;
				CLANG_WARN_NON_LITERAL_NULL_CONVERSION = YES;
				CLANG_WARN_OBJC_IMPLICIT_RETAIN_SELF = YES;
				CLANG_WARN_OBJC_LITERAL_CONVERSION = YES;
				CLANG_WARN_OBJC_ROOT_CLASS = YES_ERROR;
				CLANG_WARN_QUOTED_INCLUDE_IN_FRAMEWORK_HEADER = YES;
				CLANG_WARN_RANGE_LOOP_ANALYSIS = YES;
				CLANG_WARN_STRICT_PROTOTYPES = YES;
				CLANG_WARN_SUSPICIOUS_MOVE = YES;
				CLANG_WARN_UNGUARDED_AVAILABILITY = YES_AGGRESSIVE;
				CLANG_WARN_UNREACHABLE_CODE = YES;
				CLANG_WARN__DUPLICATE_METHOD_MATCH = YES;
				COPY_PHASE_STRIP = NO;
				DEBUG_INFORMATION_FORMAT = "dwarf-with-dsym";
				ENABLE_NS_ASSERTIONS = NO;
				ENABLE_STRICT_OBJC_MSGSEND = YES;
				GCC_C_LANGUAGE_STANDARD = gnu11;
				GCC_NO_COMMON_BLOCKS = YES;
				GCC_WARN_64_TO_32_BIT_CONVERSION = YES;
				GCC_WARN_ABOUT_RETURN_TYPE = YES_ERROR;
				GCC_WARN_UNDECLARED_SELECTOR = YES;
				GCC_WARN_UNINITIALIZED_AUTOS = YES_AGGRESSIVE;
				GCC_WARN_UNUSED_FUNCTION = YES;
				GCC_WARN_UNUSED_VARIABLE = YES;
				IPHONEOS_DEPLOYMENT_TARGET = 14.4;
				MTL_ENABLE_DEBUG_INFO = NO;
				MTL_FAST_MATH = YES;
				OTHER_LDFLAGS = "-all_Load";
				SDKROOT = iphoneos;
				SWIFT_COMPILATION_MODE = wholemodule;
				SWIFT_OBJC_BRIDGING_HEADER = "./Awesome/KakaoOpenSDK-Bridging-Header.h";
				SWIFT_OPTIMIZATION_LEVEL = "-O";
				VALIDATE_PRODUCT = YES;
			};
			name = Release;
		};
		36419DC32636E4630067C89D /* Debug */ = {
			isa = XCBuildConfiguration;
			baseConfigurationReference = 24FF705C2CDEF7B9F86FD044 /* Pods-Awesome.debug.xcconfig */;
			buildSettings = {
				ASSETCATALOG_COMPILER_APPICON_NAME = AppIcon;
				ASSETCATALOG_COMPILER_GLOBAL_ACCENT_COLOR_NAME = AccentColor;
				CODE_SIGN_STYLE = Automatic;
				DEVELOPMENT_TEAM = "";
				EXCLUDED_ARCHS = "";
				FRAMEWORK_SEARCH_PATHS = (
					"$(inherited)",
					"$(PROJECT_DIR)/Frameworks",
				);
				INFOPLIST_FILE = Awesome/Info.plist;
				IPHONEOS_DEPLOYMENT_TARGET = 14.4;
				LD_RUNPATH_SEARCH_PATHS = (
					"$(inherited)",
					"@executable_path/Frameworks",
				);
				OTHER_LDFLAGS = "-all_Load";
				PRODUCT_BUNDLE_IDENTIFIER = proj805.Awesome;
				PRODUCT_NAME = "$(TARGET_NAME)";
				SWIFT_OBJC_BRIDGING_HEADER = "";
				SWIFT_VERSION = 5.0;
				TARGETED_DEVICE_FAMILY = "1,2";
				VALIDATE_WORKSPACE = NO;
			};
			name = Debug;
		};
		36419DC42636E4630067C89D /* Release */ = {
			isa = XCBuildConfiguration;
			baseConfigurationReference = 354134F2488BCD2E0A188529 /* Pods-Awesome.release.xcconfig */;
			buildSettings = {
				ASSETCATALOG_COMPILER_APPICON_NAME = AppIcon;
				ASSETCATALOG_COMPILER_GLOBAL_ACCENT_COLOR_NAME = AccentColor;
				CODE_SIGN_STYLE = Automatic;
				DEVELOPMENT_TEAM = "";
				EXCLUDED_ARCHS = "";
				FRAMEWORK_SEARCH_PATHS = (
					"$(inherited)",
					"$(PROJECT_DIR)/Frameworks",
				);
				INFOPLIST_FILE = Awesome/Info.plist;
				IPHONEOS_DEPLOYMENT_TARGET = 14.4;
				LD_RUNPATH_SEARCH_PATHS = (
					"$(inherited)",
					"@executable_path/Frameworks",
				);
				ONLY_ACTIVE_ARCH = NO;
				OTHER_LDFLAGS = "-all_Load";
				PRODUCT_BUNDLE_IDENTIFIER = proj805.Awesome;
				PRODUCT_NAME = "$(TARGET_NAME)";
				SWIFT_OBJC_BRIDGING_HEADER = "";
				SWIFT_VERSION = 5.0;
				TARGETED_DEVICE_FAMILY = "1,2";
				VALIDATE_WORKSPACE = NO;
			};
			name = Release;
		};
		36419DC62636E4630067C89D /* Debug */ = {
			isa = XCBuildConfiguration;
			baseConfigurationReference = 8D8D97C611EE375C2F780B4C /* Pods-AwesomeTests.debug.xcconfig */;
			buildSettings = {
				ALWAYS_EMBED_SWIFT_STANDARD_LIBRARIES = YES;
				BUNDLE_LOADER = "$(TEST_HOST)";
				CODE_SIGN_STYLE = Automatic;
				DEVELOPMENT_TEAM = U24ZACT97M;
				INFOPLIST_FILE = AwesomeTests/Info.plist;
				IPHONEOS_DEPLOYMENT_TARGET = 14.4;
				LD_RUNPATH_SEARCH_PATHS = (
					"$(inherited)",
					"@executable_path/Frameworks",
					"@loader_path/Frameworks",
				);
				PRODUCT_BUNDLE_IDENTIFIER = proj805.AwesomeTests;
				PRODUCT_NAME = "$(TARGET_NAME)";
				SWIFT_VERSION = 5.0;
				TARGETED_DEVICE_FAMILY = "1,2";
				TEST_HOST = "$(BUILT_PRODUCTS_DIR)/Awesome.app/Awesome";
			};
			name = Debug;
		};
		36419DC72636E4630067C89D /* Release */ = {
			isa = XCBuildConfiguration;
			baseConfigurationReference = B68A884E6056F305C32F4C5F /* Pods-AwesomeTests.release.xcconfig */;
			buildSettings = {
				ALWAYS_EMBED_SWIFT_STANDARD_LIBRARIES = YES;
				BUNDLE_LOADER = "$(TEST_HOST)";
				CODE_SIGN_STYLE = Automatic;
				DEVELOPMENT_TEAM = U24ZACT97M;
				INFOPLIST_FILE = AwesomeTests/Info.plist;
				IPHONEOS_DEPLOYMENT_TARGET = 14.4;
				LD_RUNPATH_SEARCH_PATHS = (
					"$(inherited)",
					"@executable_path/Frameworks",
					"@loader_path/Frameworks",
				);
				PRODUCT_BUNDLE_IDENTIFIER = proj805.AwesomeTests;
				PRODUCT_NAME = "$(TARGET_NAME)";
				SWIFT_VERSION = 5.0;
				TARGETED_DEVICE_FAMILY = "1,2";
				TEST_HOST = "$(BUILT_PRODUCTS_DIR)/Awesome.app/Awesome";
			};
			name = Release;
		};
		36419DC92636E4630067C89D /* Debug */ = {
			isa = XCBuildConfiguration;
			baseConfigurationReference = 55B756FBBCB3DDEEBB6AB2F9 /* Pods-Awesome-AwesomeUITests.debug.xcconfig */;
			buildSettings = {
				ALWAYS_EMBED_SWIFT_STANDARD_LIBRARIES = YES;
				CODE_SIGN_STYLE = Automatic;
				DEVELOPMENT_TEAM = U24ZACT97M;
				INFOPLIST_FILE = AwesomeUITests/Info.plist;
				LD_RUNPATH_SEARCH_PATHS = (
					"$(inherited)",
					"@executable_path/Frameworks",
					"@loader_path/Frameworks",
				);
				PRODUCT_BUNDLE_IDENTIFIER = proj805.AwesomeUITests;
				PRODUCT_NAME = "$(TARGET_NAME)";
				SWIFT_VERSION = 5.0;
				TARGETED_DEVICE_FAMILY = "1,2";
				TEST_TARGET_NAME = Awesome;
			};
			name = Debug;
		};
		36419DCA2636E4630067C89D /* Release */ = {
			isa = XCBuildConfiguration;
			baseConfigurationReference = B91A4884C6FC9D174DAC19D4 /* Pods-Awesome-AwesomeUITests.release.xcconfig */;
			buildSettings = {
				ALWAYS_EMBED_SWIFT_STANDARD_LIBRARIES = YES;
				CODE_SIGN_STYLE = Automatic;
				DEVELOPMENT_TEAM = U24ZACT97M;
				INFOPLIST_FILE = AwesomeUITests/Info.plist;
				LD_RUNPATH_SEARCH_PATHS = (
					"$(inherited)",
					"@executable_path/Frameworks",
					"@loader_path/Frameworks",
				);
				PRODUCT_BUNDLE_IDENTIFIER = proj805.AwesomeUITests;
				PRODUCT_NAME = "$(TARGET_NAME)";
				SWIFT_VERSION = 5.0;
				TARGETED_DEVICE_FAMILY = "1,2";
				TEST_TARGET_NAME = Awesome;
			};
			name = Release;
		};
/* End XCBuildConfiguration section */

/* Begin XCConfigurationList section */
		36419D932636E4630067C89D /* Build configuration list for PBXProject "Awesome" */ = {
			isa = XCConfigurationList;
			buildConfigurations = (
				36419DC02636E4630067C89D /* Debug */,
				36419DC12636E4630067C89D /* Release */,
			);
			defaultConfigurationIsVisible = 0;
			defaultConfigurationName = Release;
		};
		36419DC22636E4630067C89D /* Build configuration list for PBXNativeTarget "Awesome" */ = {
			isa = XCConfigurationList;
			buildConfigurations = (
				36419DC32636E4630067C89D /* Debug */,
				36419DC42636E4630067C89D /* Release */,
			);
			defaultConfigurationIsVisible = 0;
			defaultConfigurationName = Release;
		};
		36419DC52636E4630067C89D /* Build configuration list for PBXNativeTarget "AwesomeTests" */ = {
			isa = XCConfigurationList;
			buildConfigurations = (
				36419DC62636E4630067C89D /* Debug */,
				36419DC72636E4630067C89D /* Release */,
			);
			defaultConfigurationIsVisible = 0;
			defaultConfigurationName = Release;
		};
		36419DC82636E4630067C89D /* Build configuration list for PBXNativeTarget "AwesomeUITests" */ = {
			isa = XCConfigurationList;
			buildConfigurations = (
				36419DC92636E4630067C89D /* Debug */,
				36419DCA2636E4630067C89D /* Release */,
			);
			defaultConfigurationIsVisible = 0;
			defaultConfigurationName = Release;
		};
/* End XCConfigurationList section */
	};
	rootObject = 36419D902636E4620067C89D /* Project object */;
}
