// !$*UTF8*$!
{
	archiveVersion = 1;
	classes = {
	};
	objectVersion = 51;
	objects = {

/* Begin PBXBuildFile section */
		361262152663F11E00E1475E /* StartDateViewController.swift in Sources */ = {isa = PBXBuildFile; fileRef = 361262142663F11E00E1475E /* StartDateViewController.swift */; };
		361262172663F12E00E1475E /* FinishDataViewController.swift in Sources */ = {isa = PBXBuildFile; fileRef = 361262162663F12E00E1475E /* FinishDataViewController.swift */; };
		36174C7D26382F0C00E8A0CD /* SettingViewController.swift in Sources */ = {isa = PBXBuildFile; fileRef = 36174C7C26382F0C00E8A0CD /* SettingViewController.swift */; };
		3628EE4C263EB59F0042A9B5 /* dummy.swift in Sources */ = {isa = PBXBuildFile; fileRef = 3628EE4B263EB59F0042A9B5 /* dummy.swift */; };
		362AF576265181A6005B6E96 /* GmarketSansTTFLight.ttf in Resources */ = {isa = PBXBuildFile; fileRef = 362AF573265181A6005B6E96 /* GmarketSansTTFLight.ttf */; };
		362AF577265181A6005B6E96 /* GmarketSansTTFMedium.ttf in Resources */ = {isa = PBXBuildFile; fileRef = 362AF574265181A6005B6E96 /* GmarketSansTTFMedium.ttf */; };
		362AF578265181A6005B6E96 /* GmarketSansTTFBold.ttf in Resources */ = {isa = PBXBuildFile; fileRef = 362AF575265181A6005B6E96 /* GmarketSansTTFBold.ttf */; };
		36340BF0263FC5AA0089BC15 /* CallendarViewController.swift in Sources */ = {isa = PBXBuildFile; fileRef = 36340BEF263FC5AA0089BC15 /* CallendarViewController.swift */; };
		36369F63264291AB00115867 /* PromiseAlertViewController.swift in Sources */ = {isa = PBXBuildFile; fileRef = 36369F62264291AB00115867 /* PromiseAlertViewController.swift */; };
		36369F67264291BC00115867 /* CommentAlertViewController.swift in Sources */ = {isa = PBXBuildFile; fileRef = 36369F66264291BC00115867 /* CommentAlertViewController.swift */; };
		363ED88A263FE716005475A1 /* FSCalendar.framework in Frameworks */ = {isa = PBXBuildFile; fileRef = 363ED889263FE716005475A1 /* FSCalendar.framework */; };
		36419D9C2636E4630067C89D /* AppDelegate.swift in Sources */ = {isa = PBXBuildFile; fileRef = 36419D9B2636E4630067C89D /* AppDelegate.swift */; };
		36419D9E2636E4630067C89D /* SceneDelegate.swift in Sources */ = {isa = PBXBuildFile; fileRef = 36419D9D2636E4630067C89D /* SceneDelegate.swift */; };
		36419DA02636E4630067C89D /* ViewController.swift in Sources */ = {isa = PBXBuildFile; fileRef = 36419D9F2636E4630067C89D /* ViewController.swift */; };
		36419DA32636E4630067C89D /* Main.storyboard in Resources */ = {isa = PBXBuildFile; fileRef = 36419DA12636E4630067C89D /* Main.storyboard */; };
		36419DA52636E4630067C89D /* Assets.xcassets in Resources */ = {isa = PBXBuildFile; fileRef = 36419DA42636E4630067C89D /* Assets.xcassets */; };
		36419DA82636E4630067C89D /* LaunchScreen.storyboard in Resources */ = {isa = PBXBuildFile; fileRef = 36419DA62636E4630067C89D /* LaunchScreen.storyboard */; };
		36419DED2636ECBC0067C89D /* LoginViewController.swift in Sources */ = {isa = PBXBuildFile; fileRef = 36419DEC2636ECBC0067C89D /* LoginViewController.swift */; };
		36429E3E26564AEC006CF81F /* NoScheduleTableViewCell.swift in Sources */ = {isa = PBXBuildFile; fileRef = 36429E3D26564AEC006CF81F /* NoScheduleTableViewCell.swift */; };
		36429E402657E2BF006CF81F /* NotScheduleViewController.swift in Sources */ = {isa = PBXBuildFile; fileRef = 36429E3F2657E2BF006CF81F /* NotScheduleViewController.swift */; };
		367F9C0126426DFC005324A2 /* DatepickerViewController.swift in Sources */ = {isa = PBXBuildFile; fileRef = 367F9C0026426DFC005324A2 /* DatepickerViewController.swift */; };
		367F9C1526427AB2005324A2 /* FinishDatePickerViewController.swift in Sources */ = {isa = PBXBuildFile; fileRef = 367F9C1426427AB2005324A2 /* FinishDatePickerViewController.swift */; };
		368A019B263FE4A300100B01 /* (null) in Embed Frameworks */ = {isa = PBXBuildFile; settings = {ATTRIBUTES = (CodeSignOnCopy, RemoveHeadersOnCopy, ); }; };
		3698A9382637173C0082B4AB /* LoginCheckViewController.swift in Sources */ = {isa = PBXBuildFile; fileRef = 3698A9372637173C0082B4AB /* LoginCheckViewController.swift */; };
		36AA7C25263A97080084DD9C /* AlertViewController.swift in Sources */ = {isa = PBXBuildFile; fileRef = 36AA7C24263A97080084DD9C /* AlertViewController.swift */; };
		36DD5CC52642654A00161EAE /* PlusViewController.swift in Sources */ = {isa = PBXBuildFile; fileRef = 36DD5CC42642654A00161EAE /* PlusViewController.swift */; };
		36DE494E263EA88E00AE02DA /* MainTableViewCell.swift in Sources */ = {isa = PBXBuildFile; fileRef = 36DE494D263EA88E00AE02DA /* MainTableViewCell.swift */; };
		36EDFD8F264043250088A538 /* (null) in Resources */ = {isa = PBXBuildFile; };
		36EDFD92264043280088A538 /* (null) in Resources */ = {isa = PBXBuildFile; };
		36EDFD952640432B0088A538 /* (null) in Resources */ = {isa = PBXBuildFile; };
		36EDFD982640432D0088A538 /* (null) in Resources */ = {isa = PBXBuildFile; };
		36EDFD9B264043300088A538 /* (null) in Resources */ = {isa = PBXBuildFile; };
		36EDFD9C264043320088A538 /* (null) in Resources */ = {isa = PBXBuildFile; };
		36EDFE00264160C10088A538 /* ScheduleTableViewCell.swift in Sources */ = {isa = PBXBuildFile; fileRef = 36EDFDFF264160C10088A538 /* ScheduleTableViewCell.swift */; };
		CBC1089136CE1BBCEC802570 /* Pods_Awesome.framework in Frameworks */ = {isa = PBXBuildFile; fileRef = C5FABECE5BAD859BD3DE8032 /* Pods_Awesome.framework */; };
/* End PBXBuildFile section */

/* Begin PBXCopyFilesBuildPhase section */
		368A019C263FE4A300100B01 /* Embed Frameworks */ = {
			isa = PBXCopyFilesBuildPhase;
			buildActionMask = 2147483647;
			dstPath = "";
			dstSubfolderSpec = 10;
			files = (
				368A019B263FE4A300100B01 /* (null) in Embed Frameworks */,
			);
			name = "Embed Frameworks";
			runOnlyForDeploymentPostprocessing = 0;
		};
/* End PBXCopyFilesBuildPhase section */

/* Begin PBXFileReference section */
		0DC7F0CF3B76FDB71DBC75D7 /* Pods-Awesome.release.xcconfig */ = {isa = PBXFileReference; includeInIndex = 1; lastKnownFileType = text.xcconfig; name = "Pods-Awesome.release.xcconfig"; path = "Target Support Files/Pods-Awesome/Pods-Awesome.release.xcconfig"; sourceTree = "<group>"; };
		189C07D5E8EE78BA7DB2FB7B /* Pods-Awesome-AwesomeUITests.release.xcconfig */ = {isa = PBXFileReference; includeInIndex = 1; lastKnownFileType = text.xcconfig; name = "Pods-Awesome-AwesomeUITests.release.xcconfig"; path = "Target Support Files/Pods-Awesome-AwesomeUITests/Pods-Awesome-AwesomeUITests.release.xcconfig"; sourceTree = "<group>"; };
		361262142663F11E00E1475E /* StartDateViewController.swift */ = {isa = PBXFileReference; lastKnownFileType = sourcecode.swift; path = StartDateViewController.swift; sourceTree = "<group>"; };
		361262162663F12E00E1475E /* FinishDataViewController.swift */ = {isa = PBXFileReference; lastKnownFileType = sourcecode.swift; path = FinishDataViewController.swift; sourceTree = "<group>"; };
		36174C7C26382F0C00E8A0CD /* SettingViewController.swift */ = {isa = PBXFileReference; lastKnownFileType = sourcecode.swift; path = SettingViewController.swift; sourceTree = "<group>"; };
		3628EE4B263EB59F0042A9B5 /* dummy.swift */ = {isa = PBXFileReference; lastKnownFileType = sourcecode.swift; path = dummy.swift; sourceTree = "<group>"; };
		362AF573265181A6005B6E96 /* GmarketSansTTFLight.ttf */ = {isa = PBXFileReference; lastKnownFileType = file; name = GmarketSansTTFLight.ttf; path = ../../../Downloads/GmarketSansTTF/GmarketSansTTFLight.ttf; sourceTree = "<group>"; };
		362AF574265181A6005B6E96 /* GmarketSansTTFMedium.ttf */ = {isa = PBXFileReference; lastKnownFileType = file; name = GmarketSansTTFMedium.ttf; path = ../../../Downloads/GmarketSansTTF/GmarketSansTTFMedium.ttf; sourceTree = "<group>"; };
		362AF575265181A6005B6E96 /* GmarketSansTTFBold.ttf */ = {isa = PBXFileReference; lastKnownFileType = file; name = GmarketSansTTFBold.ttf; path = ../../../Downloads/GmarketSansTTF/GmarketSansTTFBold.ttf; sourceTree = "<group>"; };
		36340BEF263FC5AA0089BC15 /* CallendarViewController.swift */ = {isa = PBXFileReference; lastKnownFileType = sourcecode.swift; path = CallendarViewController.swift; sourceTree = "<group>"; };
		36369F62264291AB00115867 /* PromiseAlertViewController.swift */ = {isa = PBXFileReference; lastKnownFileType = sourcecode.swift; path = PromiseAlertViewController.swift; sourceTree = "<group>"; };
		36369F66264291BC00115867 /* CommentAlertViewController.swift */ = {isa = PBXFileReference; lastKnownFileType = sourcecode.swift; path = CommentAlertViewController.swift; sourceTree = "<group>"; };
		363ED889263FE716005475A1 /* FSCalendar.framework */ = {isa = PBXFileReference; explicitFileType = wrapper.framework; path = FSCalendar.framework; sourceTree = BUILT_PRODUCTS_DIR; };
		36419D982636E4630067C89D /* Awesome.app */ = {isa = PBXFileReference; explicitFileType = wrapper.application; includeInIndex = 0; path = Awesome.app; sourceTree = BUILT_PRODUCTS_DIR; };
		36419D9B2636E4630067C89D /* AppDelegate.swift */ = {isa = PBXFileReference; lastKnownFileType = sourcecode.swift; path = AppDelegate.swift; sourceTree = "<group>"; };
		36419D9D2636E4630067C89D /* SceneDelegate.swift */ = {isa = PBXFileReference; lastKnownFileType = sourcecode.swift; path = SceneDelegate.swift; sourceTree = "<group>"; };
		36419D9F2636E4630067C89D /* ViewController.swift */ = {isa = PBXFileReference; lastKnownFileType = sourcecode.swift; path = ViewController.swift; sourceTree = "<group>"; };
		36419DA22636E4630067C89D /* Base */ = {isa = PBXFileReference; lastKnownFileType = file.storyboard; name = Base; path = Base.lproj/Main.storyboard; sourceTree = "<group>"; };
		36419DA42636E4630067C89D /* Assets.xcassets */ = {isa = PBXFileReference; lastKnownFileType = folder.assetcatalog; path = Assets.xcassets; sourceTree = "<group>"; };
		36419DA72636E4630067C89D /* Base */ = {isa = PBXFileReference; lastKnownFileType = file.storyboard; name = Base; path = Base.lproj/LaunchScreen.storyboard; sourceTree = "<group>"; };
		36419DA92636E4630067C89D /* Info.plist */ = {isa = PBXFileReference; lastKnownFileType = text.plist.xml; path = Info.plist; sourceTree = "<group>"; };
		36419DEC2636ECBC0067C89D /* LoginViewController.swift */ = {isa = PBXFileReference; lastKnownFileType = sourcecode.swift; path = LoginViewController.swift; sourceTree = "<group>"; };
		36429E3D26564AEC006CF81F /* NoScheduleTableViewCell.swift */ = {isa = PBXFileReference; lastKnownFileType = sourcecode.swift; path = NoScheduleTableViewCell.swift; sourceTree = "<group>"; };
		36429E3F2657E2BF006CF81F /* NotScheduleViewController.swift */ = {isa = PBXFileReference; lastKnownFileType = sourcecode.swift; path = NotScheduleViewController.swift; sourceTree = "<group>"; };
		367F9C0026426DFC005324A2 /* DatepickerViewController.swift */ = {isa = PBXFileReference; lastKnownFileType = sourcecode.swift; path = DatepickerViewController.swift; sourceTree = "<group>"; };
		367F9C1426427AB2005324A2 /* FinishDatePickerViewController.swift */ = {isa = PBXFileReference; lastKnownFileType = sourcecode.swift; path = FinishDatePickerViewController.swift; sourceTree = "<group>"; };
		368A017F263FE43F00100B01 /* KakaoSDKAuth.framework */ = {isa = PBXFileReference; explicitFileType = wrapper.framework; path = KakaoSDKAuth.framework; sourceTree = BUILT_PRODUCTS_DIR; };
		3698A9372637173C0082B4AB /* LoginCheckViewController.swift */ = {isa = PBXFileReference; lastKnownFileType = sourcecode.swift; path = LoginCheckViewController.swift; sourceTree = "<group>"; };
		36AA7C24263A97080084DD9C /* AlertViewController.swift */ = {isa = PBXFileReference; lastKnownFileType = sourcecode.swift; path = AlertViewController.swift; sourceTree = "<group>"; };
		36DD5CC42642654A00161EAE /* PlusViewController.swift */ = {isa = PBXFileReference; lastKnownFileType = sourcecode.swift; path = PlusViewController.swift; sourceTree = "<group>"; };
		36DE494D263EA88E00AE02DA /* MainTableViewCell.swift */ = {isa = PBXFileReference; lastKnownFileType = sourcecode.swift; path = MainTableViewCell.swift; sourceTree = "<group>"; };
		36EDFDFF264160C10088A538 /* ScheduleTableViewCell.swift */ = {isa = PBXFileReference; lastKnownFileType = sourcecode.swift; path = ScheduleTableViewCell.swift; sourceTree = "<group>"; };
		487B161AC884EF073C20C8D7 /* Pods-Awesome-AwesomeUITests.debug.xcconfig */ = {isa = PBXFileReference; includeInIndex = 1; lastKnownFileType = text.xcconfig; name = "Pods-Awesome-AwesomeUITests.debug.xcconfig"; path = "Target Support Files/Pods-Awesome-AwesomeUITests/Pods-Awesome-AwesomeUITests.debug.xcconfig"; sourceTree = "<group>"; };
		5ABCC8A22F5323B18CEBC85C /* Pods_Awesome_AwesomeUITests.framework */ = {isa = PBXFileReference; explicitFileType = wrapper.framework; includeInIndex = 0; path = Pods_Awesome_AwesomeUITests.framework; sourceTree = BUILT_PRODUCTS_DIR; };
		629BC82C191638E5C3339558 /* Pods-AwesomeTests.debug.xcconfig */ = {isa = PBXFileReference; includeInIndex = 1; lastKnownFileType = text.xcconfig; name = "Pods-AwesomeTests.debug.xcconfig"; path = "Target Support Files/Pods-AwesomeTests/Pods-AwesomeTests.debug.xcconfig"; sourceTree = "<group>"; };
		6A7877149D225BD702B8FD62 /* Pods_AwesomeTests.framework */ = {isa = PBXFileReference; explicitFileType = wrapper.framework; includeInIndex = 0; path = Pods_AwesomeTests.framework; sourceTree = BUILT_PRODUCTS_DIR; };
		A445A736E937FBB71DB1107D /* Pods-AwesomeTests.release.xcconfig */ = {isa = PBXFileReference; includeInIndex = 1; lastKnownFileType = text.xcconfig; name = "Pods-AwesomeTests.release.xcconfig"; path = "Target Support Files/Pods-AwesomeTests/Pods-AwesomeTests.release.xcconfig"; sourceTree = "<group>"; };
		BA81BA8F0F01706A33DEBE09 /* Pods-Awesome.debug.xcconfig */ = {isa = PBXFileReference; includeInIndex = 1; lastKnownFileType = text.xcconfig; name = "Pods-Awesome.debug.xcconfig"; path = "Target Support Files/Pods-Awesome/Pods-Awesome.debug.xcconfig"; sourceTree = "<group>"; };
		C5FABECE5BAD859BD3DE8032 /* Pods_Awesome.framework */ = {isa = PBXFileReference; explicitFileType = wrapper.framework; includeInIndex = 0; path = Pods_Awesome.framework; sourceTree = BUILT_PRODUCTS_DIR; };
/* End PBXFileReference section */

/* Begin PBXFrameworksBuildPhase section */
		36419D952636E4630067C89D /* Frameworks */ = {
			isa = PBXFrameworksBuildPhase;
			buildActionMask = 2147483647;
			files = (
				363ED88A263FE716005475A1 /* FSCalendar.framework in Frameworks */,
				CBC1089136CE1BBCEC802570 /* Pods_Awesome.framework in Frameworks */,
			);
			runOnlyForDeploymentPostprocessing = 0;
		};
/* End PBXFrameworksBuildPhase section */

/* Begin PBXGroup section */
		36419D8F2636E4620067C89D = {
			isa = PBXGroup;
			children = (
				36419D9A2636E4630067C89D /* Awesome */,
				36419D992636E4630067C89D /* Products */,
				764DE9A4A469E22B2855F311 /* Frameworks */,
				A6EC8831195C19B0E07F4194 /* Pods */,
			);
			sourceTree = "<group>";
		};
		36419D992636E4630067C89D /* Products */ = {
			isa = PBXGroup;
			children = (
				36419D982636E4630067C89D /* Awesome.app */,
			);
			name = Products;
			sourceTree = "<group>";
		};
		36419D9A2636E4630067C89D /* Awesome */ = {
			isa = PBXGroup;
			children = (
				36E5B4F42648528C0079170F /* Storyboards */,
				36E5B4EC2648520B0079170F /* Source */,
				36E5B4F3264852510079170F /* ViewControllers */,
				36E5B4F12648523E0079170F /* Cells */,
				36E5B4EF2648521F0079170F /* Protocol */,
				36E5B4F0264852320079170F /* Network */,
				36E5B4F2264852490079170F /* Views */,
				36419DA42636E4630067C89D /* Assets.xcassets */,
				36419DA62636E4630067C89D /* LaunchScreen.storyboard */,
				36419DA92636E4630067C89D /* Info.plist */,
				3647FB05263864140079ECB4 /* font */,
				3628EE4B263EB59F0042A9B5 /* dummy.swift */,
			);
			path = Awesome;
			sourceTree = "<group>";
		};
		3647FB05263864140079ECB4 /* font */ = {
			isa = PBXGroup;
			children = (
				362AF575265181A6005B6E96 /* GmarketSansTTFBold.ttf */,
				362AF573265181A6005B6E96 /* GmarketSansTTFLight.ttf */,
				362AF574265181A6005B6E96 /* GmarketSansTTFMedium.ttf */,
			);
			name = font;
			path = ..;
			sourceTree = "<group>";
		};
		36E5B4EC2648520B0079170F /* Source */ = {
			isa = PBXGroup;
			children = (
				36419D9B2636E4630067C89D /* AppDelegate.swift */,
				36419D9D2636E4630067C89D /* SceneDelegate.swift */,
			);
			path = Source;
			sourceTree = "<group>";
		};
		36E5B4EF2648521F0079170F /* Protocol */ = {
			isa = PBXGroup;
			children = (
			);
			path = Protocol;
			sourceTree = "<group>";
		};
		36E5B4F0264852320079170F /* Network */ = {
			isa = PBXGroup;
			children = (
			);
			path = Network;
			sourceTree = "<group>";
		};
		36E5B4F12648523E0079170F /* Cells */ = {
			isa = PBXGroup;
			children = (
				36429E3D26564AEC006CF81F /* NoScheduleTableViewCell.swift */,
				36EDFDFF264160C10088A538 /* ScheduleTableViewCell.swift */,
				36DE494D263EA88E00AE02DA /* MainTableViewCell.swift */,
			);
			path = Cells;
			sourceTree = "<group>";
		};
		36E5B4F2264852490079170F /* Views */ = {
			isa = PBXGroup;
			children = (
			);
			path = Views;
			sourceTree = "<group>";
		};
		36E5B4F3264852510079170F /* ViewControllers */ = {
			isa = PBXGroup;
			children = (
				36419D9F2636E4630067C89D /* ViewController.swift */,
				3698A9372637173C0082B4AB /* LoginCheckViewController.swift */,
				36AA7C24263A97080084DD9C /* AlertViewController.swift */,
				36174C7C26382F0C00E8A0CD /* SettingViewController.swift */,
				36419DEC2636ECBC0067C89D /* LoginViewController.swift */,
				36DD5CC42642654A00161EAE /* PlusViewController.swift */,
				367F9C0026426DFC005324A2 /* DatepickerViewController.swift */,
				367F9C1426427AB2005324A2 /* FinishDatePickerViewController.swift */,
				36369F66264291BC00115867 /* CommentAlertViewController.swift */,
				36369F62264291AB00115867 /* PromiseAlertViewController.swift */,
				36429E3F2657E2BF006CF81F /* NotScheduleViewController.swift */,
				36340BEF263FC5AA0089BC15 /* CallendarViewController.swift */,
				361262142663F11E00E1475E /* StartDateViewController.swift */,
				361262162663F12E00E1475E /* FinishDataViewController.swift */,
			);
			path = ViewControllers;
			sourceTree = "<group>";
		};
		36E5B4F42648528C0079170F /* Storyboards */ = {
			isa = PBXGroup;
			children = (
				36419DA12636E4630067C89D /* Main.storyboard */,
			);
			path = Storyboards;
			sourceTree = "<group>";
		};
		764DE9A4A469E22B2855F311 /* Frameworks */ = {
			isa = PBXGroup;
			children = (
				363ED889263FE716005475A1 /* FSCalendar.framework */,
				368A017F263FE43F00100B01 /* KakaoSDKAuth.framework */,
				C5FABECE5BAD859BD3DE8032 /* Pods_Awesome.framework */,
				5ABCC8A22F5323B18CEBC85C /* Pods_Awesome_AwesomeUITests.framework */,
				6A7877149D225BD702B8FD62 /* Pods_AwesomeTests.framework */,
			);
			name = Frameworks;
			sourceTree = "<group>";
		};
		A6EC8831195C19B0E07F4194 /* Pods */ = {
			isa = PBXGroup;
			children = (
				BA81BA8F0F01706A33DEBE09 /* Pods-Awesome.debug.xcconfig */,
				0DC7F0CF3B76FDB71DBC75D7 /* Pods-Awesome.release.xcconfig */,
				487B161AC884EF073C20C8D7 /* Pods-Awesome-AwesomeUITests.debug.xcconfig */,
				189C07D5E8EE78BA7DB2FB7B /* Pods-Awesome-AwesomeUITests.release.xcconfig */,
				629BC82C191638E5C3339558 /* Pods-AwesomeTests.debug.xcconfig */,
				A445A736E937FBB71DB1107D /* Pods-AwesomeTests.release.xcconfig */,
			);
			path = Pods;
			sourceTree = "<group>";
		};
/* End PBXGroup section */

/* Begin PBXNativeTarget section */
		36419D972636E4630067C89D /* Awesome */ = {
			isa = PBXNativeTarget;
			buildConfigurationList = 36419DC22636E4630067C89D /* Build configuration list for PBXNativeTarget "Awesome" */;
			buildPhases = (
				46AA7E9016CEE29CDC9AC4A1 /* [CP] Check Pods Manifest.lock */,
				36419D942636E4630067C89D /* Sources */,
				36419D952636E4630067C89D /* Frameworks */,
				36419D962636E4630067C89D /* Resources */,
				368A019C263FE4A300100B01 /* Embed Frameworks */,
				EA02090E6CC806AD65A6D6FC /* [CP] Embed Pods Frameworks */,
			);
			buildRules = (
			);
			dependencies = (
			);
			name = Awesome;
			productName = Awesome;
			productReference = 36419D982636E4630067C89D /* Awesome.app */;
			productType = "com.apple.product-type.application";
		};
/* End PBXNativeTarget section */

/* Begin PBXProject section */
		36419D902636E4620067C89D /* Project object */ = {
			isa = PBXProject;
			attributes = {
				LastSwiftUpdateCheck = 1240;
				LastUpgradeCheck = 1240;
				TargetAttributes = {
					36419D972636E4630067C89D = {
						CreatedOnToolsVersion = 12.4;
					};
				};
			};
			buildConfigurationList = 36419D932636E4630067C89D /* Build configuration list for PBXProject "Awesome" */;
			compatibilityVersion = "Xcode 9.3";
			developmentRegion = en;
			hasScannedForEncodings = 0;
			knownRegions = (
				en,
				Base,
			);
			mainGroup = 36419D8F2636E4620067C89D;
			productRefGroup = 36419D992636E4630067C89D /* Products */;
			projectDirPath = "";
			projectRoot = "";
			targets = (
				36419D972636E4630067C89D /* Awesome */,
			);
		};
/* End PBXProject section */

/* Begin PBXResourcesBuildPhase section */
		36419D962636E4630067C89D /* Resources */ = {
			isa = PBXResourcesBuildPhase;
			buildActionMask = 2147483647;
			files = (
				36EDFD9C264043320088A538 /* (null) in Resources */,
				36EDFD982640432D0088A538 /* (null) in Resources */,
				362AF576265181A6005B6E96 /* GmarketSansTTFLight.ttf in Resources */,
				362AF577265181A6005B6E96 /* GmarketSansTTFMedium.ttf in Resources */,
				36419DA82636E4630067C89D /* LaunchScreen.storyboard in Resources */,
				36419DA52636E4630067C89D /* Assets.xcassets in Resources */,
				36EDFD952640432B0088A538 /* (null) in Resources */,
				36EDFD9B264043300088A538 /* (null) in Resources */,
				36419DA32636E4630067C89D /* Main.storyboard in Resources */,
				36EDFD92264043280088A538 /* (null) in Resources */,
				362AF578265181A6005B6E96 /* GmarketSansTTFBold.ttf in Resources */,
				36EDFD8F264043250088A538 /* (null) in Resources */,
			);
			runOnlyForDeploymentPostprocessing = 0;
		};
/* End PBXResourcesBuildPhase section */

/* Begin PBXShellScriptBuildPhase section */
		46AA7E9016CEE29CDC9AC4A1 /* [CP] Check Pods Manifest.lock */ = {
			isa = PBXShellScriptBuildPhase;
			buildActionMask = 2147483647;
			files = (
			);
			inputFileListPaths = (
			);
			inputPaths = (
				"${PODS_PODFILE_DIR_PATH}/Podfile.lock",
				"${PODS_ROOT}/Manifest.lock",
			);
			name = "[CP] Check Pods Manifest.lock";
			outputFileListPaths = (
			);
			outputPaths = (
				"$(DERIVED_FILE_DIR)/Pods-Awesome-checkManifestLockResult.txt",
			);
			runOnlyForDeploymentPostprocessing = 0;
			shellPath = /bin/sh;
			shellScript = "diff \"${PODS_PODFILE_DIR_PATH}/Podfile.lock\" \"${PODS_ROOT}/Manifest.lock\" > /dev/null\nif [ $? != 0 ] ; then\n    # print error to STDERR\n    echo \"error: The sandbox is not in sync with the Podfile.lock. Run 'pod install' or update your CocoaPods installation.\" >&2\n    exit 1\nfi\n# This output is used by Xcode 'outputs' to avoid re-running this script phase.\necho \"SUCCESS\" > \"${SCRIPT_OUTPUT_FILE_0}\"\n";
			showEnvVarsInLog = 0;
		};
		EA02090E6CC806AD65A6D6FC /* [CP] Embed Pods Frameworks */ = {
			isa = PBXShellScriptBuildPhase;
			buildActionMask = 2147483647;
			files = (
			);
			inputFileListPaths = (
				"${PODS_ROOT}/Target Support Files/Pods-Awesome/Pods-Awesome-frameworks-${CONFIGURATION}-input-files.xcfilelist",
			);
			name = "[CP] Embed Pods Frameworks";
			outputFileListPaths = (
				"${PODS_ROOT}/Target Support Files/Pods-Awesome/Pods-Awesome-frameworks-${CONFIGURATION}-output-files.xcfilelist",
			);
			runOnlyForDeploymentPostprocessing = 0;
			shellPath = /bin/sh;
			shellScript = "\"${PODS_ROOT}/Target Support Files/Pods-Awesome/Pods-Awesome-frameworks.sh\"\n";
			showEnvVarsInLog = 0;
		};
/* End PBXShellScriptBuildPhase section */

/* Begin PBXSourcesBuildPhase section */
		36419D942636E4630067C89D /* Sources */ = {
			isa = PBXSourcesBuildPhase;
			buildActionMask = 2147483647;
			files = (
				36419DED2636ECBC0067C89D /* LoginViewController.swift in Sources */,
				36340BF0263FC5AA0089BC15 /* CallendarViewController.swift in Sources */,
				361262152663F11E00E1475E /* StartDateViewController.swift in Sources */,
				367F9C0126426DFC005324A2 /* DatepickerViewController.swift in Sources */,
				36DD5CC52642654A00161EAE /* PlusViewController.swift in Sources */,
				36369F63264291AB00115867 /* PromiseAlertViewController.swift in Sources */,
				36EDFE00264160C10088A538 /* ScheduleTableViewCell.swift in Sources */,
				36AA7C25263A97080084DD9C /* AlertViewController.swift in Sources */,
				36DE494E263EA88E00AE02DA /* MainTableViewCell.swift in Sources */,
				367F9C1526427AB2005324A2 /* FinishDatePickerViewController.swift in Sources */,
				36429E3E26564AEC006CF81F /* NoScheduleTableViewCell.swift in Sources */,
				36419DA02636E4630067C89D /* ViewController.swift in Sources */,
				36369F67264291BC00115867 /* CommentAlertViewController.swift in Sources */,
				36419D9C2636E4630067C89D /* AppDelegate.swift in Sources */,
				36419D9E2636E4630067C89D /* SceneDelegate.swift in Sources */,
				361262172663F12E00E1475E /* FinishDataViewController.swift in Sources */,
				3698A9382637173C0082B4AB /* LoginCheckViewController.swift in Sources */,
				3628EE4C263EB59F0042A9B5 /* dummy.swift in Sources */,
				36174C7D26382F0C00E8A0CD /* SettingViewController.swift in Sources */,
				36429E402657E2BF006CF81F /* NotScheduleViewController.swift in Sources */,
			);
			runOnlyForDeploymentPostprocessing = 0;
		};
/* End PBXSourcesBuildPhase section */

/* Begin PBXVariantGroup section */
		36419DA12636E4630067C89D /* Main.storyboard */ = {
			isa = PBXVariantGroup;
			children = (
				36419DA22636E4630067C89D /* Base */,
			);
			name = Main.storyboard;
			sourceTree = "<group>";
		};
		36419DA62636E4630067C89D /* LaunchScreen.storyboard */ = {
			isa = PBXVariantGroup;
			children = (
				36419DA72636E4630067C89D /* Base */,
			);
			name = LaunchScreen.storyboard;
			sourceTree = "<group>";
		};
/* End PBXVariantGroup section */

/* Begin XCBuildConfiguration section */
		36419DC02636E4630067C89D /* Debug */ = {
			isa = XCBuildConfiguration;
			buildSettings = {
				ALWAYS_SEARCH_USER_PATHS = NO;
				CLANG_ANALYZER_NONNULL = YES;
				CLANG_ANALYZER_NUMBER_OBJECT_CONVERSION = YES_AGGRESSIVE;
				CLANG_CXX_LANGUAGE_STANDARD = "gnu++14";
				CLANG_CXX_LIBRARY = "libc++";
				CLANG_ENABLE_MODULES = YES;
				CLANG_ENABLE_OBJC_ARC = YES;
				CLANG_ENABLE_OBJC_WEAK = YES;
				CLANG_WARN_BLOCK_CAPTURE_AUTORELEASING = YES;
				CLANG_WARN_BOOL_CONVERSION = YES;
				CLANG_WARN_COMMA = YES;
				CLANG_WARN_CONSTANT_CONVERSION = YES;
				CLANG_WARN_DEPRECATED_OBJC_IMPLEMENTATIONS = YES;
				CLANG_WARN_DIRECT_OBJC_ISA_USAGE = YES_ERROR;
				CLANG_WARN_DOCUMENTATION_COMMENTS = YES;
				CLANG_WARN_EMPTY_BODY = YES;
				CLANG_WARN_ENUM_CONVERSION = YES;
				CLANG_WARN_INFINITE_RECURSION = YES;
				CLANG_WARN_INT_CONVERSION = YES;
				CLANG_WARN_NON_LITERAL_NULL_CONVERSION = YES;
				CLANG_WARN_OBJC_IMPLICIT_RETAIN_SELF = YES;
				CLANG_WARN_OBJC_LITERAL_CONVERSION = YES;
				CLANG_WARN_OBJC_ROOT_CLASS = YES_ERROR;
				CLANG_WARN_QUOTED_INCLUDE_IN_FRAMEWORK_HEADER = YES;
				CLANG_WARN_RANGE_LOOP_ANALYSIS = YES;
				CLANG_WARN_STRICT_PROTOTYPES = YES;
				CLANG_WARN_SUSPICIOUS_MOVE = YES;
				CLANG_WARN_UNGUARDED_AVAILABILITY = YES_AGGRESSIVE;
				CLANG_WARN_UNREACHABLE_CODE = YES;
				CLANG_WARN__DUPLICATE_METHOD_MATCH = YES;
				COPY_PHASE_STRIP = NO;
				DEBUG_INFORMATION_FORMAT = dwarf;
				ENABLE_STRICT_OBJC_MSGSEND = YES;
				ENABLE_TESTABILITY = YES;
				GCC_C_LANGUAGE_STANDARD = gnu11;
				GCC_DYNAMIC_NO_PIC = NO;
				GCC_NO_COMMON_BLOCKS = YES;
				GCC_OPTIMIZATION_LEVEL = 0;
				GCC_PREPROCESSOR_DEFINITIONS = (
					"DEBUG=1",
					"$(inherited)",
				);
				GCC_WARN_64_TO_32_BIT_CONVERSION = YES;
				GCC_WARN_ABOUT_RETURN_TYPE = YES_ERROR;
				GCC_WARN_UNDECLARED_SELECTOR = YES;
				GCC_WARN_UNINITIALIZED_AUTOS = YES_AGGRESSIVE;
				GCC_WARN_UNUSED_FUNCTION = YES;
				GCC_WARN_UNUSED_VARIABLE = YES;
				IPHONEOS_DEPLOYMENT_TARGET = 14.4;
				MTL_ENABLE_DEBUG_INFO = INCLUDE_SOURCE;
				MTL_FAST_MATH = YES;
				ONLY_ACTIVE_ARCH = YES;
				OTHER_LDFLAGS = "-all_Load";
				SDKROOT = iphoneos;
				SWIFT_ACTIVE_COMPILATION_CONDITIONS = DEBUG;
				SWIFT_OBJC_BRIDGING_HEADER = "./Awesome/KakaoOpenSDK-Bridging-Header.h";
				SWIFT_OPTIMIZATION_LEVEL = "-Onone";
			};
			name = Debug;
		};
		36419DC12636E4630067C89D /* Release */ = {
			isa = XCBuildConfiguration;
			buildSettings = {
				ALWAYS_SEARCH_USER_PATHS = NO;
				CLANG_ANALYZER_NONNULL = YES;
				CLANG_ANALYZER_NUMBER_OBJECT_CONVERSION = YES_AGGRESSIVE;
				CLANG_CXX_LANGUAGE_STANDARD = "gnu++14";
				CLANG_CXX_LIBRARY = "libc++";
				CLANG_ENABLE_MODULES = YES;
				CLANG_ENABLE_OBJC_ARC = YES;
				CLANG_ENABLE_OBJC_WEAK = YES;
				CLANG_WARN_BLOCK_CAPTURE_AUTORELEASING = YES;
				CLANG_WARN_BOOL_CONVERSION = YES;
				CLANG_WARN_COMMA = YES;
				CLANG_WARN_CONSTANT_CONVERSION = YES;
				CLANG_WARN_DEPRECATED_OBJC_IMPLEMENTATIONS = YES;
				CLANG_WARN_DIRECT_OBJC_ISA_USAGE = YES_ERROR;
				CLANG_WARN_DOCUMENTATION_COMMENTS = YES;
				CLANG_WARN_EMPTY_BODY = YES;
				CLANG_WARN_ENUM_CONVERSION = YES;
				CLANG_WARN_INFINITE_RECURSION = YES;
				CLANG_WARN_INT_CONVERSION = YES;
				CLANG_WARN_NON_LITERAL_NULL_CONVERSION = YES;
				CLANG_WARN_OBJC_IMPLICIT_RETAIN_SELF = YES;
				CLANG_WARN_OBJC_LITERAL_CONVERSION = YES;
				CLANG_WARN_OBJC_ROOT_CLASS = YES_ERROR;
				CLANG_WARN_QUOTED_INCLUDE_IN_FRAMEWORK_HEADER = YES;
				CLANG_WARN_RANGE_LOOP_ANALYSIS = YES;
				CLANG_WARN_STRICT_PROTOTYPES = YES;
				CLANG_WARN_SUSPICIOUS_MOVE = YES;
				CLANG_WARN_UNGUARDED_AVAILABILITY = YES_AGGRESSIVE;
				CLANG_WARN_UNREACHABLE_CODE = YES;
				CLANG_WARN__DUPLICATE_METHOD_MATCH = YES;
				COPY_PHASE_STRIP = NO;
				DEBUG_INFORMATION_FORMAT = "dwarf-with-dsym";
				ENABLE_NS_ASSERTIONS = NO;
				ENABLE_STRICT_OBJC_MSGSEND = YES;
				GCC_C_LANGUAGE_STANDARD = gnu11;
				GCC_NO_COMMON_BLOCKS = YES;
				GCC_WARN_64_TO_32_BIT_CONVERSION = YES;
				GCC_WARN_ABOUT_RETURN_TYPE = YES_ERROR;
				GCC_WARN_UNDECLARED_SELECTOR = YES;
				GCC_WARN_UNINITIALIZED_AUTOS = YES_AGGRESSIVE;
				GCC_WARN_UNUSED_FUNCTION = YES;
				GCC_WARN_UNUSED_VARIABLE = YES;
				IPHONEOS_DEPLOYMENT_TARGET = 14.4;
				MTL_ENABLE_DEBUG_INFO = NO;
				MTL_FAST_MATH = YES;
				OTHER_LDFLAGS = "-all_Load";
				SDKROOT = iphoneos;
				SWIFT_COMPILATION_MODE = wholemodule;
				SWIFT_OBJC_BRIDGING_HEADER = "./Awesome/KakaoOpenSDK-Bridging-Header.h";
				SWIFT_OPTIMIZATION_LEVEL = "-O";
				VALIDATE_PRODUCT = YES;
			};
			name = Release;
		};
		36419DC32636E4630067C89D /* Debug */ = {
			isa = XCBuildConfiguration;
			baseConfigurationReference = BA81BA8F0F01706A33DEBE09 /* Pods-Awesome.debug.xcconfig */;
			buildSettings = {
				ASSETCATALOG_COMPILER_APPICON_NAME = AppIcon;
				ASSETCATALOG_COMPILER_GLOBAL_ACCENT_COLOR_NAME = AccentColor;
				CODE_SIGN_STYLE = Automatic;
				DEVELOPMENT_TEAM = "";
				EXCLUDED_ARCHS = "";
				FRAMEWORK_SEARCH_PATHS = (
					"$(inherited)",
					"$(PROJECT_DIR)/Frameworks",
				);
				INFOPLIST_FILE = Awesome/Info.plist;
				IPHONEOS_DEPLOYMENT_TARGET = 14.4;
				LD_RUNPATH_SEARCH_PATHS = (
					"$(inherited)",
					"@executable_path/Frameworks",
				);
				OTHER_LDFLAGS = "-all_Load";
				PRODUCT_BUNDLE_IDENTIFIER = proj805.Awesome;
				PRODUCT_NAME = "$(TARGET_NAME)";
				SWIFT_OBJC_BRIDGING_HEADER = "";
				SWIFT_VERSION = 5.0;
				TARGETED_DEVICE_FAMILY = "1,2";
				VALIDATE_WORKSPACE = NO;
			};
			name = Debug;
		};
		36419DC42636E4630067C89D /* Release */ = {
			isa = XCBuildConfiguration;
			baseConfigurationReference = 0DC7F0CF3B76FDB71DBC75D7 /* Pods-Awesome.release.xcconfig */;
			buildSettings = {
				ASSETCATALOG_COMPILER_APPICON_NAME = AppIcon;
				ASSETCATALOG_COMPILER_GLOBAL_ACCENT_COLOR_NAME = AccentColor;
				CODE_SIGN_STYLE = Automatic;
				DEVELOPMENT_TEAM = "";
				EXCLUDED_ARCHS = "";
				FRAMEWORK_SEARCH_PATHS = (
					"$(inherited)",
					"$(PROJECT_DIR)/Frameworks",
				);
				INFOPLIST_FILE = Awesome/Info.plist;
				IPHONEOS_DEPLOYMENT_TARGET = 14.4;
				LD_RUNPATH_SEARCH_PATHS = (
					"$(inherited)",
					"@executable_path/Frameworks",
				);
				ONLY_ACTIVE_ARCH = NO;
				OTHER_LDFLAGS = "-all_Load";
				PRODUCT_BUNDLE_IDENTIFIER = proj805.Awesome;
				PRODUCT_NAME = "$(TARGET_NAME)";
				SWIFT_OBJC_BRIDGING_HEADER = "";
				SWIFT_VERSION = 5.0;
				TARGETED_DEVICE_FAMILY = "1,2";
				VALIDATE_WORKSPACE = NO;
			};
			name = Release;
		};
/* End XCBuildConfiguration section */

/* Begin XCConfigurationList section */
		36419D932636E4630067C89D /* Build configuration list for PBXProject "Awesome" */ = {
			isa = XCConfigurationList;
			buildConfigurations = (
				36419DC02636E4630067C89D /* Debug */,
				36419DC12636E4630067C89D /* Release */,
			);
			defaultConfigurationIsVisible = 0;
			defaultConfigurationName = Release;
		};
		36419DC22636E4630067C89D /* Build configuration list for PBXNativeTarget "Awesome" */ = {
			isa = XCConfigurationList;
			buildConfigurations = (
				36419DC32636E4630067C89D /* Debug */,
				36419DC42636E4630067C89D /* Release */,
			);
			defaultConfigurationIsVisible = 0;
			defaultConfigurationName = Release;
		};
/* End XCConfigurationList section */
	};
	rootObject = 36419D902636E4620067C89D /* Project object */;
}
